// !$*UTF8*$!
{
	archiveVersion = 1;
	classes = {
	};
	objectVersion = 52;
	objects = {

/* Begin PBXAggregateTarget section */
		9622C6C22368C28C008C6109 /* RunScripts */ = {
			isa = PBXAggregateTarget;
			buildConfigurationList = 9622C6C52368C28C008C6109 /* Build configuration list for PBXAggregateTarget "RunScripts" */;
			buildPhases = (
				96B8673024A25D520054DCAF /* Build Environment */,
				9622C6C62368C2CE008C6109 /* Build Unicode Data */,
			);
			dependencies = (
			);
			name = RunScripts;
			productName = UnicodeData;
		};
/* End PBXAggregateTarget section */

/* Begin PBXBuildFile section */
		960ECB5A25044F1300787C22 /* LinguisticKit in Frameworks */ = {isa = PBXBuildFile; productRef = 960ECB5925044F1300787C22 /* LinguisticKit */; };
		960ECB5B25044F1300787C22 /* LinguisticKit in Embed Frameworks */ = {isa = PBXBuildFile; productRef = 960ECB5925044F1300787C22 /* LinguisticKit */; settings = {ATTRIBUTES = (CodeSignOnCopy, ); }; };
		960ECB5E25044F1A00787C22 /* UnicodeData in Frameworks */ = {isa = PBXBuildFile; productRef = 960ECB5D25044F1A00787C22 /* UnicodeData */; };
		960ECB5F25044F1A00787C22 /* UnicodeData in Embed Frameworks */ = {isa = PBXBuildFile; productRef = 960ECB5D25044F1A00787C22 /* UnicodeData */; settings = {ATTRIBUTES = (CodeSignOnCopy, ); }; };
		960F7E8422CD62FE00419F62 /* NSFont.swift in Sources */ = {isa = PBXBuildFile; fileRef = 960F7E8322CD62FE00419F62 /* NSFont.swift */; };
		960FEFEE203D37590099E449 /* AXAttribute.swift in Sources */ = {isa = PBXBuildFile; fileRef = 960FEFED203D37590099E449 /* AXAttribute.swift */; };
		96122C0622DBA18000125F65 /* LegalNoticesWindow.swift in Sources */ = {isa = PBXBuildFile; fileRef = 96122C0522DBA18000125F65 /* LegalNoticesWindow.swift */; };
		9613CD352506559700A2F2FD /* PackageResolved.swift in Sources */ = {isa = PBXBuildFile; fileRef = 9613CD332506559700A2F2FD /* PackageResolved.swift */; };
		9613CD362506559700A2F2FD /* main.swift in Sources */ = {isa = PBXBuildFile; fileRef = 9613CD342506559700A2F2FD /* main.swift */; };
		9622D3B0236880DF00ED3665 /* UnicodeData.sqlite in Resources */ = {isa = PBXBuildFile; fileRef = 9622D3AF23687FDD00ED3665 /* UnicodeData.sqlite */; };
		9622D3B1236880E100ED3665 /* UnicodeData.sqlite in Resources */ = {isa = PBXBuildFile; fileRef = 9622D3AF23687FDD00ED3665 /* UnicodeData.sqlite */; };
		9622D3B2236880E200ED3665 /* UnicodeData.sqlite in Resources */ = {isa = PBXBuildFile; fileRef = 9622D3AF23687FDD00ED3665 /* UnicodeData.sqlite */; };
		963212B4217B820500E8A6B2 /* FloatingWindow.swift in Sources */ = {isa = PBXBuildFile; fileRef = 963212B3217B820500E8A6B2 /* FloatingWindow.swift */; };
		963212B6217C61BC00E8A6B2 /* CharacterSequenceWindow.swift in Sources */ = {isa = PBXBuildFile; fileRef = 963212B5217C61BB00E8A6B2 /* CharacterSequenceWindow.swift */; };
		9633BB7D288FD04B002126BF /* KeyboardApp.swift in Sources */ = {isa = PBXBuildFile; fileRef = 9633BB7C288FD04B002126BF /* KeyboardApp.swift */; };
		963DE0B0202F00B60040A448 /* main.swift in Sources */ = {isa = PBXBuildFile; fileRef = 963DE0AF202F00B60040A448 /* main.swift */; };
		963DE0B2202F012B0040A448 /* StatusMenu.swift in Sources */ = {isa = PBXBuildFile; fileRef = 963DE0B1202F012B0040A448 /* StatusMenu.swift */; };
		9641FF562507057100600D5D /* KeyboardExtensionModule in Frameworks */ = {isa = PBXBuildFile; productRef = 9641FF552507057100600D5D /* KeyboardExtensionModule */; };
		9641FF58250705B100600D5D /* KeyboardExtensionModule in Frameworks */ = {isa = PBXBuildFile; productRef = 9641FF57250705B100600D5D /* KeyboardExtensionModule */; };
		96443FBC208BE94D002FFA6B /* AccessibilityMenuItem.swift in Sources */ = {isa = PBXBuildFile; fileRef = 96443FBB208BE94D002FFA6B /* AccessibilityMenuItem.swift */; };
		9644DAFF22436E7600C687A9 /* Settings.bundle in Resources */ = {isa = PBXBuildFile; fileRef = 9644DAFE22436E7600C687A9 /* Settings.bundle */; };
		9648D95F238C964500711D93 /* UnicodeItemTests.swift in Sources */ = {isa = PBXBuildFile; fileRef = 9648D95E238C964500711D93 /* UnicodeItemTests.swift */; };
		9648D960238C964500711D93 /* UnicodeItemTests.swift in Sources */ = {isa = PBXBuildFile; fileRef = 9648D95E238C964500711D93 /* UnicodeItemTests.swift */; };
		964AB93F1D1B6490004C827C /* Assets.xcassets in Resources */ = {isa = PBXBuildFile; fileRef = 964AB93E1D1B6490004C827C /* Assets.xcassets */; };
		964AB9421D1B6490004C827C /* LaunchScreen.storyboard in Resources */ = {isa = PBXBuildFile; fileRef = 964AB9401D1B6490004C827C /* LaunchScreen.storyboard */; };
		964AB96E1D1B6535004C827C /* KeyboardExtension.appex in Embed App Extensions */ = {isa = PBXBuildFile; fileRef = 964AB9671D1B6535004C827C /* KeyboardExtension.appex */; settings = {ATTRIBUTES = (RemoveHeadersOnCopy, ); }; };
		964EA726237EC5F700CA1D83 /* UnicodeDataTests.swift in Sources */ = {isa = PBXBuildFile; fileRef = 964EA725237EC5F700CA1D83 /* UnicodeDataTests.swift */; };
		964EA727237EC5F700CA1D83 /* UnicodeDataTests.swift in Sources */ = {isa = PBXBuildFile; fileRef = 964EA725237EC5F700CA1D83 /* UnicodeDataTests.swift */; };
		9651D95622F3603B00FD1EE9 /* SwiftUI.framework in Frameworks */ = {isa = PBXBuildFile; fileRef = 9651D95422F3602900FD1EE9 /* SwiftUI.framework */; settings = {ATTRIBUTES = (Weak, ); }; };
		965A8B3E20D2EDF800E0260E /* VisibilityMenuItem.swift in Sources */ = {isa = PBXBuildFile; fileRef = 965A8B3D20D2EDF800E0260E /* VisibilityMenuItem.swift */; };
		965BFAC91F7979FA00B8F682 /* Keyboard_iOSTests.swift in Sources */ = {isa = PBXBuildFile; fileRef = 965BFAC81F7979FA00B8F682 /* Keyboard_iOSTests.swift */; };
		96615729243AEF4900E1D32A /* Calculator in Embed Frameworks */ = {isa = PBXBuildFile; productRef = 96E92B4622E029E40019EC2F /* Calculator */; settings = {ATTRIBUTES = (CodeSignOnCopy, ); }; };
		9661572B243AEF4B00E1D32A /* LinguisticKit in Embed Frameworks */ = {isa = PBXBuildFile; productRef = 96E92B4922E02A0A0019EC2F /* LinguisticKit */; settings = {ATTRIBUTES = (CodeSignOnCopy, ); }; };
		9661572F243AEF6300E1D32A /* Calculator in Embed Frameworks */ = {isa = PBXBuildFile; productRef = 96E92B4B22E02A190019EC2F /* Calculator */; settings = {ATTRIBUTES = (CodeSignOnCopy, ); }; };
		96615730243AEF6600E1D32A /* LinguisticKit in Embed Frameworks */ = {isa = PBXBuildFile; productRef = 96E92B4D22E02A1D0019EC2F /* LinguisticKit */; settings = {ATTRIBUTES = (CodeSignOnCopy, ); }; };
		966B7694237A30F2004D299B /* unicode-license.txt in Resources */ = {isa = PBXBuildFile; fileRef = 9619B6CB232D038200AA83C3 /* unicode-license.txt */; };
		966B7695237A30F9004D299B /* unicode-license.txt in Resources */ = {isa = PBXBuildFile; fileRef = 9619B6CB232D038200AA83C3 /* unicode-license.txt */; };
		966B7696237A30FC004D299B /* unicode-license.txt in Resources */ = {isa = PBXBuildFile; fileRef = 9619B6CB232D038200AA83C3 /* unicode-license.txt */; };
		966E4A9922D4CB4C00A44D87 /* KeyboardView.swift in Sources */ = {isa = PBXBuildFile; fileRef = 966E4A9822D4CB4C00A44D87 /* KeyboardView.swift */; };
		966E4A9B22D4CC0F00A44D87 /* KeyboardWindow.swift in Sources */ = {isa = PBXBuildFile; fileRef = 966E4A9A22D4CC0F00A44D87 /* KeyboardWindow.swift */; };
		966EB96D202FC0D3007718F2 /* LegalNoticesMenuItem.swift in Sources */ = {isa = PBXBuildFile; fileRef = 966EB96C202FC0D3007718F2 /* LegalNoticesMenuItem.swift */; };
		9672E28425043E94003D5886 /* UnicodeData in Frameworks */ = {isa = PBXBuildFile; productRef = 9672E28325043E94003D5886 /* UnicodeData */; };
		9672E28525043E94003D5886 /* UnicodeData in Embed Frameworks */ = {isa = PBXBuildFile; productRef = 9672E28325043E94003D5886 /* UnicodeData */; settings = {ATTRIBUTES = (CodeSignOnCopy, ); }; };
		9672E28A25043EAD003D5886 /* UnicodeData in Frameworks */ = {isa = PBXBuildFile; productRef = 9672E28925043EAD003D5886 /* UnicodeData */; };
		9672E28B25043EAD003D5886 /* UnicodeData in Embed Frameworks */ = {isa = PBXBuildFile; productRef = 9672E28925043EAD003D5886 /* UnicodeData */; settings = {ATTRIBUTES = (CodeSignOnCopy, ); }; };
		9672E29125044221003D5886 /* UnicodeData in Frameworks */ = {isa = PBXBuildFile; productRef = 9672E29025044221003D5886 /* UnicodeData */; };
		9672E29325044221003D5886 /* UnicodeData in Embed Frameworks */ = {isa = PBXBuildFile; productRef = 9672E29025044221003D5886 /* UnicodeData */; settings = {ATTRIBUTES = (CodeSignOnCopy, ); }; };
		9672E29525044461003D5886 /* UnicodeData in Frameworks */ = {isa = PBXBuildFile; productRef = 9672E29425044461003D5886 /* UnicodeData */; };
		9672E29625044461003D5886 /* UnicodeData in Embed Frameworks */ = {isa = PBXBuildFile; productRef = 9672E29425044461003D5886 /* UnicodeData */; settings = {ATTRIBUTES = (CodeSignOnCopy, ); }; };
		9673CAD8203282490030E2CA /* AXUIElement.swift in Sources */ = {isa = PBXBuildFile; fileRef = 9673CAD7203282490030E2CA /* AXUIElement.swift */; };
		967502542089E1D300FD6CED /* LaunchAgent.swift in Sources */ = {isa = PBXBuildFile; fileRef = 967502532089E1D300FD6CED /* LaunchAgent.swift */; };
		968A720A2506F1CB0059014B /* KeyboardTests.swift in Sources */ = {isa = PBXBuildFile; fileRef = 968A72022506F1CB0059014B /* KeyboardTests.swift */; };
		968A720B2506F1CB0059014B /* KeyboardTests.swift in Sources */ = {isa = PBXBuildFile; fileRef = 968A72022506F1CB0059014B /* KeyboardTests.swift */; };
		968A720C2506F1CB0059014B /* Array<Equatable>Tests.swift in Sources */ = {isa = PBXBuildFile; fileRef = 968A72032506F1CB0059014B /* Array<Equatable>Tests.swift */; };
		968A720D2506F1CB0059014B /* Array<Equatable>Tests.swift in Sources */ = {isa = PBXBuildFile; fileRef = 968A72032506F1CB0059014B /* Array<Equatable>Tests.swift */; };
		968A720E2506F1CB0059014B /* StringTests.swift in Sources */ = {isa = PBXBuildFile; fileRef = 968A72042506F1CB0059014B /* StringTests.swift */; };
		968A720F2506F1CB0059014B /* StringTests.swift in Sources */ = {isa = PBXBuildFile; fileRef = 968A72042506F1CB0059014B /* StringTests.swift */; };
		968A72102506F1CB0059014B /* KeyTests.swift in Sources */ = {isa = PBXBuildFile; fileRef = 968A72052506F1CB0059014B /* KeyTests.swift */; };
		968A72112506F1CB0059014B /* KeyTests.swift in Sources */ = {isa = PBXBuildFile; fileRef = 968A72052506F1CB0059014B /* KeyTests.swift */; };
		968A72122506F1CB0059014B /* Array<CharacterComponent>Tests.swift in Sources */ = {isa = PBXBuildFile; fileRef = 968A72062506F1CB0059014B /* Array<CharacterComponent>Tests.swift */; };
		968A72132506F1CB0059014B /* Array<CharacterComponent>Tests.swift in Sources */ = {isa = PBXBuildFile; fileRef = 968A72062506F1CB0059014B /* Array<CharacterComponent>Tests.swift */; };
		968A72162506F1CB0059014B /* KeyboardModuleTests.swift in Sources */ = {isa = PBXBuildFile; fileRef = 968A72082506F1CB0059014B /* KeyboardModuleTests.swift */; };
		968A72172506F1CB0059014B /* KeyboardModuleTests.swift in Sources */ = {isa = PBXBuildFile; fileRef = 968A72082506F1CB0059014B /* KeyboardModuleTests.swift */; };
		968A72182506F1CB0059014B /* CharacterComponentsDictionaryTests.swift in Sources */ = {isa = PBXBuildFile; fileRef = 968A72092506F1CB0059014B /* CharacterComponentsDictionaryTests.swift */; };
		968A72192506F1CB0059014B /* CharacterComponentsDictionaryTests.swift in Sources */ = {isa = PBXBuildFile; fileRef = 968A72092506F1CB0059014B /* CharacterComponentsDictionaryTests.swift */; };
		968A721B2506F2BA0059014B /* KeyboardModule in Frameworks */ = {isa = PBXBuildFile; productRef = 968A721A2506F2BA0059014B /* KeyboardModule */; };
		968A721F2506F2FC0059014B /* KeyboardModule in Frameworks */ = {isa = PBXBuildFile; productRef = 968A721E2506F2FC0059014B /* KeyboardModule */; };
		968DEA8120CCDFA400750040 /* eventTapCallback.swift in Sources */ = {isa = PBXBuildFile; fileRef = 968DEA8020CCDFA400750040 /* eventTapCallback.swift */; };
		969102B823EBBC9600E9BE0D /* UnicodeData.sqlite-wal in Resources */ = {isa = PBXBuildFile; fileRef = 969102B723EBBC9600E9BE0D /* UnicodeData.sqlite-wal */; };
		969102B923EBBC9600E9BE0D /* UnicodeData.sqlite-wal in Resources */ = {isa = PBXBuildFile; fileRef = 969102B723EBBC9600E9BE0D /* UnicodeData.sqlite-wal */; };
		969102BA23EBBC9600E9BE0D /* UnicodeData.sqlite-wal in Resources */ = {isa = PBXBuildFile; fileRef = 969102B723EBBC9600E9BE0D /* UnicodeData.sqlite-wal */; };
		96AC6CA3203C23B200555164 /* CGEvent.swift in Sources */ = {isa = PBXBuildFile; fileRef = 96AC6CA2203C23B200555164 /* CGEvent.swift */; };
		96ACD588205261EE007CFDCF /* NSPasteboard.swift in Sources */ = {isa = PBXBuildFile; fileRef = 96ACD587205261EE007CFDCF /* NSPasteboard.swift */; };
		96AED32F203120DE00498A7E /* LayoutMenuItem.swift in Sources */ = {isa = PBXBuildFile; fileRef = 96AED32E203120DE00498A7E /* LayoutMenuItem.swift */; };
		96AED33120312AE600498A7E /* InterfaceLanguageMenuItem.swift in Sources */ = {isa = PBXBuildFile; fileRef = 96AED33020312AE600498A7E /* InterfaceLanguageMenuItem.swift */; };
		96AED33320312BA500498A7E /* LanguageMenuItem.swift in Sources */ = {isa = PBXBuildFile; fileRef = 96AED33220312BA500498A7E /* LanguageMenuItem.swift */; };
		96AFEBA7202FA9080099F70B /* QuitMenuItem.swift in Sources */ = {isa = PBXBuildFile; fileRef = 96AFEBA6202FA9080099F70B /* QuitMenuItem.swift */; };
		96AFEBA9202FAB830099F70B /* LocalizedMenuItem.swift in Sources */ = {isa = PBXBuildFile; fileRef = 96AFEBA8202FAB830099F70B /* LocalizedMenuItem.swift */; };
		96B8908B21E04EA800917CB2 /* GuideWindow.swift in Sources */ = {isa = PBXBuildFile; fileRef = 96B8908A21E04EA800917CB2 /* GuideWindow.swift */; };
		96BC540D28A8744600F7D120 /* CharacterSearchTests.swift in Sources */ = {isa = PBXBuildFile; fileRef = 96BC540C28A8744600F7D120 /* CharacterSearchTests.swift */; };
		96BC540E28A8744600F7D120 /* CharacterSearchTests.swift in Sources */ = {isa = PBXBuildFile; fileRef = 96BC540C28A8744600F7D120 /* CharacterSearchTests.swift */; };
		96BE9C7120A8340400C2C03F /* CharacterSearchWindow.swift in Sources */ = {isa = PBXBuildFile; fileRef = 96BE9C7020A8340400C2C03F /* CharacterSearchWindow.swift */; };
		96CAA7252508E7A300092FE2 /* KeyboardGuide in Frameworks */ = {isa = PBXBuildFile; productRef = 96CAA7242508E7A300092FE2 /* KeyboardGuide */; };
		96CB9A8422D8E2D7004CA972 /* KeyView.swift in Sources */ = {isa = PBXBuildFile; fileRef = 96CB9A8322D8E2D7004CA972 /* KeyView.swift */; };
		96CEDF4725045A0200BDCA0E /* UnicodeDataItem.swift in Sources */ = {isa = PBXBuildFile; fileRef = 96CEDF3C25045A0200BDCA0E /* UnicodeDataItem.swift */; };
		96CEDF4825045A0200BDCA0E /* EmojiStatus.swift in Sources */ = {isa = PBXBuildFile; fileRef = 96CEDF3D25045A0200BDCA0E /* EmojiStatus.swift */; };
		96CEDF4925045A0200BDCA0E /* yoficationTable.swift in Sources */ = {isa = PBXBuildFile; fileRef = 96CEDF3E25045A0200BDCA0E /* yoficationTable.swift */; };
		96CEDF4A25045A0200BDCA0E /* BuildUnicodeData.swift in Sources */ = {isa = PBXBuildFile; fileRef = 96CEDF3F25045A0200BDCA0E /* BuildUnicodeData.swift */; };
		96CEDF4B25045A0200BDCA0E /* MainXMLParser.swift in Sources */ = {isa = PBXBuildFile; fileRef = 96CEDF4025045A0200BDCA0E /* MainXMLParser.swift */; };
		96CEDF4C25045A0200BDCA0E /* KeyboardXMLParser.swift in Sources */ = {isa = PBXBuildFile; fileRef = 96CEDF4125045A0200BDCA0E /* KeyboardXMLParser.swift */; };
		96CEDF4D25045A0200BDCA0E /* String.swift in Sources */ = {isa = PBXBuildFile; fileRef = 96CEDF4225045A0200BDCA0E /* String.swift */; };
		96CEDF4E25045A0200BDCA0E /* AnnotationsXMLParser.swift in Sources */ = {isa = PBXBuildFile; fileRef = 96CEDF4325045A0200BDCA0E /* AnnotationsXMLParser.swift */; };
		96CEDF4F25045A0200BDCA0E /* main.swift in Sources */ = {isa = PBXBuildFile; fileRef = 96CEDF4425045A0200BDCA0E /* main.swift */; };
		96CEDF5025045A0200BDCA0E /* UnihanFieldType.swift in Sources */ = {isa = PBXBuildFile; fileRef = 96CEDF4525045A0200BDCA0E /* UnihanFieldType.swift */; };
		96CEDF5125045A0200BDCA0E /* NameAliasType.swift in Sources */ = {isa = PBXBuildFile; fileRef = 96CEDF4625045A0200BDCA0E /* NameAliasType.swift */; };
		96D6E94F20C8494800C357FA /* NonAccessibilityDocumentContext.swift in Sources */ = {isa = PBXBuildFile; fileRef = 96D6E94E20C8494800C357FA /* NonAccessibilityDocumentContext.swift */; };
		96E354EA2020DDBC00668374 /* AppDelegate.swift in Sources */ = {isa = PBXBuildFile; fileRef = 96E354E92020DDBC00668374 /* AppDelegate.swift */; };
		96E354EE2020DDBC00668374 /* Assets.xcassets in Resources */ = {isa = PBXBuildFile; fileRef = 96E354ED2020DDBC00668374 /* Assets.xcassets */; };
		96E354FD2020DDBD00668374 /* Keyboard_macOSTests.swift in Sources */ = {isa = PBXBuildFile; fileRef = 96E354FC2020DDBD00668374 /* Keyboard_macOSTests.swift */; };
		96E92B4722E029E40019EC2F /* Calculator in Frameworks */ = {isa = PBXBuildFile; productRef = 96E92B4622E029E40019EC2F /* Calculator */; };
		96E92B4A22E02A0A0019EC2F /* LinguisticKit in Frameworks */ = {isa = PBXBuildFile; productRef = 96E92B4922E02A0A0019EC2F /* LinguisticKit */; };
		96E92B4C22E02A190019EC2F /* Calculator in Frameworks */ = {isa = PBXBuildFile; productRef = 96E92B4B22E02A190019EC2F /* Calculator */; };
		96E92B4E22E02A1D0019EC2F /* LinguisticKit in Frameworks */ = {isa = PBXBuildFile; productRef = 96E92B4D22E02A1D0019EC2F /* LinguisticKit */; };
		96F28C2420302AC00023313C /* VersionMenuItem.swift in Sources */ = {isa = PBXBuildFile; fileRef = 96F28C2320302AC00023313C /* VersionMenuItem.swift */; };
/* End PBXBuildFile section */

/* Begin PBXContainerItemProxy section */
		9622C6C92368C460008C6109 /* PBXContainerItemProxy */ = {
			isa = PBXContainerItemProxy;
			containerPortal = 964AB9271D1B63C0004C827C /* Project object */;
			proxyType = 1;
			remoteGlobalIDString = 9622C6C22368C28C008C6109;
			remoteInfo = UnicodeData;
		};
		9622C6CB2368C468008C6109 /* PBXContainerItemProxy */ = {
			isa = PBXContainerItemProxy;
			containerPortal = 964AB9271D1B63C0004C827C /* Project object */;
			proxyType = 1;
			remoteGlobalIDString = 9622C6C22368C28C008C6109;
			remoteInfo = UnicodeData;
		};
		9622C6CD2368C476008C6109 /* PBXContainerItemProxy */ = {
			isa = PBXContainerItemProxy;
			containerPortal = 964AB9271D1B63C0004C827C /* Project object */;
			proxyType = 1;
			remoteGlobalIDString = 9622C6C22368C28C008C6109;
			remoteInfo = UnicodeData;
		};
		964AB96C1D1B6535004C827C /* PBXContainerItemProxy */ = {
			isa = PBXContainerItemProxy;
			containerPortal = 964AB9271D1B63C0004C827C /* Project object */;
			proxyType = 1;
			remoteGlobalIDString = 964AB9661D1B6535004C827C;
			remoteInfo = Keyboard_iOSExtension;
		};
		965BFACB1F7979FA00B8F682 /* PBXContainerItemProxy */ = {
			isa = PBXContainerItemProxy;
			containerPortal = 964AB9271D1B63C0004C827C /* Project object */;
			proxyType = 1;
			remoteGlobalIDString = 964AB9301D1B6490004C827C;
			remoteInfo = Keyboard_iOS;
		};
		96E354F92020DDBD00668374 /* PBXContainerItemProxy */ = {
			isa = PBXContainerItemProxy;
			containerPortal = 964AB9271D1B63C0004C827C /* Project object */;
			proxyType = 1;
			remoteGlobalIDString = 96E354E62020DDBC00668374;
			remoteInfo = Keyboard_macOS;
		};
/* End PBXContainerItemProxy section */

/* Begin PBXCopyFilesBuildPhase section */
		960ECB5C25044F1300787C22 /* Embed Frameworks */ = {
			isa = PBXCopyFilesBuildPhase;
			buildActionMask = 2147483647;
			dstPath = "";
			dstSubfolderSpec = 10;
			files = (
				960ECB5F25044F1A00787C22 /* UnicodeData in Embed Frameworks */,
				960ECB5B25044F1300787C22 /* LinguisticKit in Embed Frameworks */,
			);
			name = "Embed Frameworks";
			runOnlyForDeploymentPostprocessing = 0;
		};
		9613E01F2367CF5C0087CA57 /* CopyFiles */ = {
			isa = PBXCopyFilesBuildPhase;
			buildActionMask = 2147483647;
			dstPath = /usr/share/man/man1/;
			dstSubfolderSpec = 0;
			files = (
			);
			runOnlyForDeploymentPostprocessing = 1;
		};
		964AB9721D1B6535004C827C /* Embed App Extensions */ = {
			isa = PBXCopyFilesBuildPhase;
			buildActionMask = 2147483647;
			dstPath = "";
			dstSubfolderSpec = 13;
			files = (
				964AB96E1D1B6535004C827C /* KeyboardExtension.appex in Embed App Extensions */,
			);
			name = "Embed App Extensions";
			runOnlyForDeploymentPostprocessing = 0;
		};
		9661572A243AEF4900E1D32A /* Embed Frameworks */ = {
			isa = PBXCopyFilesBuildPhase;
			buildActionMask = 2147483647;
			dstPath = "";
			dstSubfolderSpec = 10;
			files = (
				9672E28525043E94003D5886 /* UnicodeData in Embed Frameworks */,
				9661572B243AEF4B00E1D32A /* LinguisticKit in Embed Frameworks */,
				96615729243AEF4900E1D32A /* Calculator in Embed Frameworks */,
			);
			name = "Embed Frameworks";
			runOnlyForDeploymentPostprocessing = 0;
		};
		9661572D243AEF5700E1D32A /* Embed Frameworks */ = {
			isa = PBXCopyFilesBuildPhase;
			buildActionMask = 2147483647;
			dstPath = "";
			dstSubfolderSpec = 10;
			files = (
			);
			name = "Embed Frameworks";
			runOnlyForDeploymentPostprocessing = 0;
		};
		9672E28E250440FB003D5886 /* Embed Frameworks */ = {
			isa = PBXCopyFilesBuildPhase;
			buildActionMask = 2147483647;
			dstPath = "";
			dstSubfolderSpec = 10;
			files = (
				9672E29625044461003D5886 /* UnicodeData in Embed Frameworks */,
			);
			name = "Embed Frameworks";
			runOnlyForDeploymentPostprocessing = 0;
		};
		9672E29225044221003D5886 /* Embed Frameworks */ = {
			isa = PBXCopyFilesBuildPhase;
			buildActionMask = 2147483647;
			dstPath = "";
			dstSubfolderSpec = 10;
			files = (
				9672E29325044221003D5886 /* UnicodeData in Embed Frameworks */,
			);
			name = "Embed Frameworks";
			runOnlyForDeploymentPostprocessing = 0;
		};
		96A8EB0621AEC49000941FA0 /* Embed Frameworks */ = {
			isa = PBXCopyFilesBuildPhase;
			buildActionMask = 2147483647;
			dstPath = "";
			dstSubfolderSpec = 10;
			files = (
				9672E28B25043EAD003D5886 /* UnicodeData in Embed Frameworks */,
				96615730243AEF6600E1D32A /* LinguisticKit in Embed Frameworks */,
				9661572F243AEF6300E1D32A /* Calculator in Embed Frameworks */,
			);
			name = "Embed Frameworks";
			runOnlyForDeploymentPostprocessing = 0;
		};
		96D7CD9825064F0A0021EBD9 /* CopyFiles */ = {
			isa = PBXCopyFilesBuildPhase;
			buildActionMask = 2147483647;
			dstPath = /usr/share/man/man1/;
			dstSubfolderSpec = 0;
			files = (
			);
			runOnlyForDeploymentPostprocessing = 1;
		};
/* End PBXCopyFilesBuildPhase section */

/* Begin PBXFileReference section */
		96094C3C23920A6B00D29C7D /* Package.resolved */ = {isa = PBXFileReference; lastKnownFileType = text; name = Package.resolved; path = Keyboard.xcodeproj/project.xcworkspace/xcshareddata/swiftpm/Package.resolved; sourceTree = "<group>"; };
		960ECB6025044F3B00787C22 /* BuildUnicodeDataDebug.entitlements */ = {isa = PBXFileReference; lastKnownFileType = text.plist.entitlements; path = BuildUnicodeDataDebug.entitlements; sourceTree = "<group>"; };
		960F7E8322CD62FE00419F62 /* NSFont.swift */ = {isa = PBXFileReference; lastKnownFileType = sourcecode.swift; path = NSFont.swift; sourceTree = "<group>"; };
		960FEFED203D37590099E449 /* AXAttribute.swift */ = {isa = PBXFileReference; lastKnownFileType = sourcecode.swift; path = AXAttribute.swift; sourceTree = "<group>"; };
		96122C0522DBA18000125F65 /* LegalNoticesWindow.swift */ = {isa = PBXFileReference; lastKnownFileType = sourcecode.swift; path = LegalNoticesWindow.swift; sourceTree = "<group>"; };
		9613CD332506559700A2F2FD /* PackageResolved.swift */ = {isa = PBXFileReference; fileEncoding = 4; lastKnownFileType = sourcecode.swift; path = PackageResolved.swift; sourceTree = "<group>"; };
		9613CD342506559700A2F2FD /* main.swift */ = {isa = PBXFileReference; fileEncoding = 4; lastKnownFileType = sourcecode.swift; path = main.swift; sourceTree = "<group>"; };
		9613E0212367CF5C0087CA57 /* BuildUnicodeDataDebug */ = {isa = PBXFileReference; explicitFileType = "compiled.mach-o.executable"; includeInIndex = 0; path = BuildUnicodeDataDebug; sourceTree = BUILT_PRODUCTS_DIR; };
		9619B6C6232D038100AA83C3 /* readme.html */ = {isa = PBXFileReference; lastKnownFileType = text.html; path = readme.html; sourceTree = "<group>"; };
		9619B6CA232D038200AA83C3 /* keyboards */ = {isa = PBXFileReference; lastKnownFileType = folder; path = keyboards; sourceTree = "<group>"; };
		9619B6CB232D038200AA83C3 /* unicode-license.txt */ = {isa = PBXFileReference; lastKnownFileType = text; path = "unicode-license.txt"; sourceTree = "<group>"; };
		9622D3AF23687FDD00ED3665 /* UnicodeData.sqlite */ = {isa = PBXFileReference; lastKnownFileType = file; name = UnicodeData.sqlite; path = ../UnicodeData.sqlite; sourceTree = BUILT_PRODUCTS_DIR; };
		963212B3217B820500E8A6B2 /* FloatingWindow.swift */ = {isa = PBXFileReference; lastKnownFileType = sourcecode.swift; path = FloatingWindow.swift; sourceTree = "<group>"; };
		963212B5217C61BB00E8A6B2 /* CharacterSequenceWindow.swift */ = {isa = PBXFileReference; lastKnownFileType = sourcecode.swift; path = CharacterSequenceWindow.swift; sourceTree = "<group>"; };
		9633BB7C288FD04B002126BF /* KeyboardApp.swift */ = {isa = PBXFileReference; lastKnownFileType = sourcecode.swift; path = KeyboardApp.swift; sourceTree = "<group>"; };
		963DE0AF202F00B60040A448 /* main.swift */ = {isa = PBXFileReference; fileEncoding = 4; lastKnownFileType = sourcecode.swift; path = main.swift; sourceTree = "<group>"; };
		963DE0B1202F012B0040A448 /* StatusMenu.swift */ = {isa = PBXFileReference; lastKnownFileType = sourcecode.swift; path = StatusMenu.swift; sourceTree = "<group>"; };
		963E5CA222F04C4C00873C20 /* BuildEnvironment */ = {isa = PBXFileReference; lastKnownFileType = text; path = BuildEnvironment; sourceTree = "<group>"; };
		96419C672508E17100E2BC9D /* KeyboardGuide */ = {isa = PBXFileReference; lastKnownFileType = folder; path = KeyboardGuide; sourceTree = "<group>"; };
		9641FF54250704AD00600D5D /* KeyboardExtensionModule */ = {isa = PBXFileReference; lastKnownFileType = folder; path = KeyboardExtensionModule; sourceTree = "<group>"; };
		96443FBB208BE94D002FFA6B /* AccessibilityMenuItem.swift */ = {isa = PBXFileReference; lastKnownFileType = sourcecode.swift; path = AccessibilityMenuItem.swift; sourceTree = "<group>"; };
		9644DAFE22436E7600C687A9 /* Settings.bundle */ = {isa = PBXFileReference; lastKnownFileType = "wrapper.plug-in"; path = Settings.bundle; sourceTree = "<group>"; };
		9648D95E238C964500711D93 /* UnicodeItemTests.swift */ = {isa = PBXFileReference; lastKnownFileType = sourcecode.swift; path = UnicodeItemTests.swift; sourceTree = "<group>"; };
		964AB9311D1B6490004C827C /* Keyboard.app */ = {isa = PBXFileReference; explicitFileType = wrapper.application; includeInIndex = 0; path = Keyboard.app; sourceTree = BUILT_PRODUCTS_DIR; };
		964AB93E1D1B6490004C827C /* Assets.xcassets */ = {isa = PBXFileReference; lastKnownFileType = folder.assetcatalog; path = Assets.xcassets; sourceTree = "<group>"; };
		964AB9411D1B6490004C827C /* Base */ = {isa = PBXFileReference; lastKnownFileType = file.storyboard; name = Base; path = Base.lproj/LaunchScreen.storyboard; sourceTree = "<group>"; };
		964AB9431D1B6490004C827C /* Info.plist */ = {isa = PBXFileReference; lastKnownFileType = text.plist.xml; path = Info.plist; sourceTree = "<group>"; };
		964AB9671D1B6535004C827C /* KeyboardExtension.appex */ = {isa = PBXFileReference; explicitFileType = "wrapper.app-extension"; includeInIndex = 0; path = KeyboardExtension.appex; sourceTree = BUILT_PRODUCTS_DIR; };
		964AB96B1D1B6535004C827C /* Info.plist */ = {isa = PBXFileReference; lastKnownFileType = text.plist.xml; path = Info.plist; sourceTree = "<group>"; };
		964EA725237EC5F700CA1D83 /* UnicodeDataTests.swift */ = {isa = PBXFileReference; lastKnownFileType = sourcecode.swift; path = UnicodeDataTests.swift; sourceTree = "<group>"; };
		9651A7DC23BB4E24002F22EA /* Unihan */ = {isa = PBXFileReference; lastKnownFileType = folder; path = Unihan; sourceTree = "<group>"; };
		9651D95422F3602900FD1EE9 /* SwiftUI.framework */ = {isa = PBXFileReference; lastKnownFileType = wrapper.framework; name = SwiftUI.framework; path = System/Library/Frameworks/SwiftUI.framework; sourceTree = SDKROOT; };
		965A8B3D20D2EDF800E0260E /* VisibilityMenuItem.swift */ = {isa = PBXFileReference; lastKnownFileType = sourcecode.swift; path = VisibilityMenuItem.swift; sourceTree = "<group>"; };
		965BFAC61F7979FA00B8F682 /* KeyboardTests.xctest */ = {isa = PBXFileReference; explicitFileType = wrapper.cfbundle; includeInIndex = 0; path = KeyboardTests.xctest; sourceTree = BUILT_PRODUCTS_DIR; };
		965BFAC81F7979FA00B8F682 /* Keyboard_iOSTests.swift */ = {isa = PBXFileReference; lastKnownFileType = sourcecode.swift; path = Keyboard_iOSTests.swift; sourceTree = "<group>"; };
		965BFACA1F7979FA00B8F682 /* Info.plist */ = {isa = PBXFileReference; lastKnownFileType = text.plist.xml; path = Info.plist; sourceTree = "<group>"; };
		966E4A9822D4CB4C00A44D87 /* KeyboardView.swift */ = {isa = PBXFileReference; lastKnownFileType = sourcecode.swift; path = KeyboardView.swift; sourceTree = "<group>"; };
		966E4A9A22D4CC0F00A44D87 /* KeyboardWindow.swift */ = {isa = PBXFileReference; lastKnownFileType = sourcecode.swift; path = KeyboardWindow.swift; sourceTree = "<group>"; };
		966EB96C202FC0D3007718F2 /* LegalNoticesMenuItem.swift */ = {isa = PBXFileReference; lastKnownFileType = sourcecode.swift; path = LegalNoticesMenuItem.swift; sourceTree = "<group>"; };
		9672E28125043D72003D5886 /* UnicodeData */ = {isa = PBXFileReference; lastKnownFileType = folder; path = UnicodeData; sourceTree = "<group>"; };
		9672E28225043D8F003D5886 /* BuildUnicodeData */ = {isa = PBXFileReference; lastKnownFileType = folder; path = BuildUnicodeData; sourceTree = "<group>"; };
		9673CAD7203282490030E2CA /* AXUIElement.swift */ = {isa = PBXFileReference; lastKnownFileType = sourcecode.swift; path = AXUIElement.swift; sourceTree = "<group>"; };
		967502532089E1D300FD6CED /* LaunchAgent.swift */ = {isa = PBXFileReference; lastKnownFileType = sourcecode.swift; path = LaunchAgent.swift; sourceTree = "<group>"; };
		9687050B2368E7DE0045D1AF /* UCD */ = {isa = PBXFileReference; lastKnownFileType = folder; path = UCD; sourceTree = "<group>"; };
		9687050C2368E9970045D1AF /* Emoji */ = {isa = PBXFileReference; lastKnownFileType = folder; path = Emoji; sourceTree = "<group>"; };
		9687050D2368EA230045D1AF /* common */ = {isa = PBXFileReference; lastKnownFileType = folder; path = common; sourceTree = "<group>"; };
		968A72002506F1770059014B /* KeyboardModule */ = {isa = PBXFileReference; lastKnownFileType = folder; path = KeyboardModule; sourceTree = "<group>"; };
		968A72022506F1CB0059014B /* KeyboardTests.swift */ = {isa = PBXFileReference; fileEncoding = 4; lastKnownFileType = sourcecode.swift; path = KeyboardTests.swift; sourceTree = "<group>"; };
		968A72032506F1CB0059014B /* Array<Equatable>Tests.swift */ = {isa = PBXFileReference; fileEncoding = 4; lastKnownFileType = sourcecode.swift; path = "Array<Equatable>Tests.swift"; sourceTree = "<group>"; };
		968A72042506F1CB0059014B /* StringTests.swift */ = {isa = PBXFileReference; fileEncoding = 4; lastKnownFileType = sourcecode.swift; path = StringTests.swift; sourceTree = "<group>"; };
		968A72052506F1CB0059014B /* KeyTests.swift */ = {isa = PBXFileReference; fileEncoding = 4; lastKnownFileType = sourcecode.swift; path = KeyTests.swift; sourceTree = "<group>"; };
		968A72062506F1CB0059014B /* Array<CharacterComponent>Tests.swift */ = {isa = PBXFileReference; fileEncoding = 4; lastKnownFileType = sourcecode.swift; path = "Array<CharacterComponent>Tests.swift"; sourceTree = "<group>"; };
		968A72082506F1CB0059014B /* KeyboardModuleTests.swift */ = {isa = PBXFileReference; fileEncoding = 4; lastKnownFileType = sourcecode.swift; path = KeyboardModuleTests.swift; sourceTree = "<group>"; };
		968A72092506F1CB0059014B /* CharacterComponentsDictionaryTests.swift */ = {isa = PBXFileReference; fileEncoding = 4; lastKnownFileType = sourcecode.swift; path = CharacterComponentsDictionaryTests.swift; sourceTree = "<group>"; };
		968DEA8020CCDFA400750040 /* eventTapCallback.swift */ = {isa = PBXFileReference; fileEncoding = 4; lastKnownFileType = sourcecode.swift; path = eventTapCallback.swift; sourceTree = "<group>"; };
		969102B723EBBC9600E9BE0D /* UnicodeData.sqlite-wal */ = {isa = PBXFileReference; lastKnownFileType = file; name = "UnicodeData.sqlite-wal"; path = "../UnicodeData.sqlite-wal"; sourceTree = BUILT_PRODUCTS_DIR; };
		96A6457A2A3D847B001B6994 /* README.md */ = {isa = PBXFileReference; lastKnownFileType = net.daringfireball.markdown; path = README.md; sourceTree = "<group>"; };
		96AC6CA2203C23B200555164 /* CGEvent.swift */ = {isa = PBXFileReference; lastKnownFileType = sourcecode.swift; path = CGEvent.swift; sourceTree = "<group>"; };
		96ACD587205261EE007CFDCF /* NSPasteboard.swift */ = {isa = PBXFileReference; lastKnownFileType = sourcecode.swift; path = NSPasteboard.swift; sourceTree = "<group>"; };
		96AED32E203120DE00498A7E /* LayoutMenuItem.swift */ = {isa = PBXFileReference; lastKnownFileType = sourcecode.swift; path = LayoutMenuItem.swift; sourceTree = "<group>"; };
		96AED33020312AE600498A7E /* InterfaceLanguageMenuItem.swift */ = {isa = PBXFileReference; lastKnownFileType = sourcecode.swift; path = InterfaceLanguageMenuItem.swift; sourceTree = "<group>"; };
		96AED33220312BA500498A7E /* LanguageMenuItem.swift */ = {isa = PBXFileReference; lastKnownFileType = sourcecode.swift; path = LanguageMenuItem.swift; sourceTree = "<group>"; };
		96AFEBA6202FA9080099F70B /* QuitMenuItem.swift */ = {isa = PBXFileReference; lastKnownFileType = sourcecode.swift; path = QuitMenuItem.swift; sourceTree = "<group>"; };
		96AFEBA8202FAB830099F70B /* LocalizedMenuItem.swift */ = {isa = PBXFileReference; lastKnownFileType = sourcecode.swift; path = LocalizedMenuItem.swift; sourceTree = "<group>"; };
		96B8908A21E04EA800917CB2 /* GuideWindow.swift */ = {isa = PBXFileReference; lastKnownFileType = sourcecode.swift; path = GuideWindow.swift; sourceTree = "<group>"; };
		96BC540C28A8744600F7D120 /* CharacterSearchTests.swift */ = {isa = PBXFileReference; fileEncoding = 4; lastKnownFileType = sourcecode.swift; path = CharacterSearchTests.swift; sourceTree = "<group>"; };
		96BE9C7020A8340400C2C03F /* CharacterSearchWindow.swift */ = {isa = PBXFileReference; lastKnownFileType = sourcecode.swift; path = CharacterSearchWindow.swift; sourceTree = "<group>"; };
		96CB9A8322D8E2D7004CA972 /* KeyView.swift */ = {isa = PBXFileReference; lastKnownFileType = sourcecode.swift; path = KeyView.swift; sourceTree = "<group>"; };
		96CEDF3C25045A0200BDCA0E /* UnicodeDataItem.swift */ = {isa = PBXFileReference; fileEncoding = 4; lastKnownFileType = sourcecode.swift; path = UnicodeDataItem.swift; sourceTree = "<group>"; };
		96CEDF3D25045A0200BDCA0E /* EmojiStatus.swift */ = {isa = PBXFileReference; fileEncoding = 4; lastKnownFileType = sourcecode.swift; path = EmojiStatus.swift; sourceTree = "<group>"; };
		96CEDF3E25045A0200BDCA0E /* yoficationTable.swift */ = {isa = PBXFileReference; fileEncoding = 4; lastKnownFileType = sourcecode.swift; path = yoficationTable.swift; sourceTree = "<group>"; };
		96CEDF3F25045A0200BDCA0E /* BuildUnicodeData.swift */ = {isa = PBXFileReference; fileEncoding = 4; lastKnownFileType = sourcecode.swift; path = BuildUnicodeData.swift; sourceTree = "<group>"; };
		96CEDF4025045A0200BDCA0E /* MainXMLParser.swift */ = {isa = PBXFileReference; fileEncoding = 4; lastKnownFileType = sourcecode.swift; path = MainXMLParser.swift; sourceTree = "<group>"; };
		96CEDF4125045A0200BDCA0E /* KeyboardXMLParser.swift */ = {isa = PBXFileReference; fileEncoding = 4; lastKnownFileType = sourcecode.swift; path = KeyboardXMLParser.swift; sourceTree = "<group>"; };
		96CEDF4225045A0200BDCA0E /* String.swift */ = {isa = PBXFileReference; fileEncoding = 4; lastKnownFileType = sourcecode.swift; path = String.swift; sourceTree = "<group>"; };
		96CEDF4325045A0200BDCA0E /* AnnotationsXMLParser.swift */ = {isa = PBXFileReference; fileEncoding = 4; lastKnownFileType = sourcecode.swift; path = AnnotationsXMLParser.swift; sourceTree = "<group>"; };
		96CEDF4425045A0200BDCA0E /* main.swift */ = {isa = PBXFileReference; fileEncoding = 4; lastKnownFileType = sourcecode.swift; path = main.swift; sourceTree = "<group>"; };
		96CEDF4525045A0200BDCA0E /* UnihanFieldType.swift */ = {isa = PBXFileReference; fileEncoding = 4; lastKnownFileType = sourcecode.swift; path = UnihanFieldType.swift; sourceTree = "<group>"; };
		96CEDF4625045A0200BDCA0E /* NameAliasType.swift */ = {isa = PBXFileReference; fileEncoding = 4; lastKnownFileType = sourcecode.swift; path = NameAliasType.swift; sourceTree = "<group>"; };
		96D5714F2506363A007CB675 /* SyncPackageRevisions */ = {isa = PBXFileReference; lastKnownFileType = folder; path = SyncPackageRevisions; sourceTree = "<group>"; };
		96D6E94E20C8494800C357FA /* NonAccessibilityDocumentContext.swift */ = {isa = PBXFileReference; lastKnownFileType = sourcecode.swift; path = NonAccessibilityDocumentContext.swift; sourceTree = "<group>"; };
		96D7CD9A25064F0A0021EBD9 /* SyncPackageRevisionsDebug */ = {isa = PBXFileReference; explicitFileType = "compiled.mach-o.executable"; includeInIndex = 0; path = SyncPackageRevisionsDebug; sourceTree = BUILT_PRODUCTS_DIR; };
		96E354E72020DDBC00668374 /* Keyboard.app */ = {isa = PBXFileReference; explicitFileType = wrapper.application; includeInIndex = 0; path = Keyboard.app; sourceTree = BUILT_PRODUCTS_DIR; };
		96E354E92020DDBC00668374 /* AppDelegate.swift */ = {isa = PBXFileReference; lastKnownFileType = sourcecode.swift; path = AppDelegate.swift; sourceTree = "<group>"; };
		96E354ED2020DDBC00668374 /* Assets.xcassets */ = {isa = PBXFileReference; lastKnownFileType = folder.assetcatalog; path = Assets.xcassets; sourceTree = "<group>"; };
		96E354F22020DDBD00668374 /* Info.plist */ = {isa = PBXFileReference; lastKnownFileType = text.plist.xml; path = Info.plist; sourceTree = "<group>"; };
		96E354F32020DDBD00668374 /* Keyboard_macOS.entitlements */ = {isa = PBXFileReference; lastKnownFileType = text.plist.entitlements; path = Keyboard_macOS.entitlements; sourceTree = "<group>"; };
		96E354F82020DDBD00668374 /* KeyboardTests.xctest */ = {isa = PBXFileReference; explicitFileType = wrapper.cfbundle; includeInIndex = 0; path = KeyboardTests.xctest; sourceTree = BUILT_PRODUCTS_DIR; };
		96E354FC2020DDBD00668374 /* Keyboard_macOSTests.swift */ = {isa = PBXFileReference; lastKnownFileType = sourcecode.swift; path = Keyboard_macOSTests.swift; sourceTree = "<group>"; };
		96E354FE2020DDBD00668374 /* Info.plist */ = {isa = PBXFileReference; lastKnownFileType = text.plist.xml; path = Info.plist; sourceTree = "<group>"; };
		96F28C2320302AC00023313C /* VersionMenuItem.swift */ = {isa = PBXFileReference; lastKnownFileType = sourcecode.swift; path = VersionMenuItem.swift; sourceTree = "<group>"; };
/* End PBXFileReference section */

/* Begin PBXFrameworksBuildPhase section */
		9613E01E2367CF5C0087CA57 /* Frameworks */ = {
			isa = PBXFrameworksBuildPhase;
			buildActionMask = 2147483647;
			files = (
				960ECB5E25044F1A00787C22 /* UnicodeData in Frameworks */,
				960ECB5A25044F1300787C22 /* LinguisticKit in Frameworks */,
			);
			runOnlyForDeploymentPostprocessing = 0;
		};
		964AB92E1D1B6490004C827C /* Frameworks */ = {
			isa = PBXFrameworksBuildPhase;
			buildActionMask = 2147483647;
			files = (
				9672E28A25043EAD003D5886 /* UnicodeData in Frameworks */,
				9651D95622F3603B00FD1EE9 /* SwiftUI.framework in Frameworks */,
				968A721F2506F2FC0059014B /* KeyboardModule in Frameworks */,
				9641FF58250705B100600D5D /* KeyboardExtensionModule in Frameworks */,
				96E92B4E22E02A1D0019EC2F /* LinguisticKit in Frameworks */,
				96E92B4C22E02A190019EC2F /* Calculator in Frameworks */,
				96CAA7252508E7A300092FE2 /* KeyboardGuide in Frameworks */,
			);
			runOnlyForDeploymentPostprocessing = 0;
		};
		964AB9641D1B6535004C827C /* Frameworks */ = {
			isa = PBXFrameworksBuildPhase;
			buildActionMask = 2147483647;
			files = (
				9641FF562507057100600D5D /* KeyboardExtensionModule in Frameworks */,
			);
			runOnlyForDeploymentPostprocessing = 0;
		};
		965BFAC31F7979FA00B8F682 /* Frameworks */ = {
			isa = PBXFrameworksBuildPhase;
			buildActionMask = 2147483647;
			files = (
				9672E29525044461003D5886 /* UnicodeData in Frameworks */,
			);
			runOnlyForDeploymentPostprocessing = 0;
		};
		96D7CD9725064F0A0021EBD9 /* Frameworks */ = {
			isa = PBXFrameworksBuildPhase;
			buildActionMask = 2147483647;
			files = (
			);
			runOnlyForDeploymentPostprocessing = 0;
		};
		96E354E42020DDBC00668374 /* Frameworks */ = {
			isa = PBXFrameworksBuildPhase;
			buildActionMask = 2147483647;
			files = (
				9672E28425043E94003D5886 /* UnicodeData in Frameworks */,
				968A721B2506F2BA0059014B /* KeyboardModule in Frameworks */,
				96E92B4A22E02A0A0019EC2F /* LinguisticKit in Frameworks */,
				96E92B4722E029E40019EC2F /* Calculator in Frameworks */,
			);
			runOnlyForDeploymentPostprocessing = 0;
		};
		96E354F52020DDBD00668374 /* Frameworks */ = {
			isa = PBXFrameworksBuildPhase;
			buildActionMask = 2147483647;
			files = (
				9672E29125044221003D5886 /* UnicodeData in Frameworks */,
			);
			runOnlyForDeploymentPostprocessing = 0;
		};
/* End PBXFrameworksBuildPhase section */

/* Begin PBXGroup section */
		9613CD312506559700A2F2FD /* Sources */ = {
			isa = PBXGroup;
			children = (
				9613CD322506559700A2F2FD /* SyncPackageRevisions */,
			);
			name = Sources;
			path = SyncPackageRevisions/Sources;
			sourceTree = SOURCE_ROOT;
		};
		9613CD322506559700A2F2FD /* SyncPackageRevisions */ = {
			isa = PBXGroup;
			children = (
				9613CD342506559700A2F2FD /* main.swift */,
				9613CD332506559700A2F2FD /* PackageResolved.swift */,
			);
			path = SyncPackageRevisions;
			sourceTree = "<group>";
		};
		9619B6C4232D02F400AA83C3 /* CLDR */ = {
			isa = PBXGroup;
			children = (
				9619B6C6232D038100AA83C3 /* readme.html */,
				9687050D2368EA230045D1AF /* common */,
				9619B6CA232D038200AA83C3 /* keyboards */,
				9619B6CB232D038200AA83C3 /* unicode-license.txt */,
			);
			path = CLDR;
			sourceTree = "<group>";
		};
		964AB9261D1B63C0004C827C = {
			isa = PBXGroup;
			children = (
				96A6457A2A3D847B001B6994 /* README.md */,
				963E5CA222F04C4C00873C20 /* BuildEnvironment */,
				968A72002506F1770059014B /* KeyboardModule */,
				968A72012506F1CB0059014B /* KeyboardModuleTests */,
				9641FF54250704AD00600D5D /* KeyboardExtensionModule */,
				96419C672508E17100E2BC9D /* KeyboardGuide */,
				964AB9331D1B6490004C827C /* Keyboard_iOS */,
				965BFAC71F7979FA00B8F682 /* Keyboard_iOSTests */,
				964AB9681D1B6535004C827C /* Keyboard_iOSExtension */,
				96E354E82020DDBC00668374 /* Keyboard_macOS */,
				96E354FB2020DDBD00668374 /* Keyboard_macOSTests */,
				9672E28125043D72003D5886 /* UnicodeData */,
				964EA724237EC59000CA1D83 /* UnicodeDataTests */,
				9687050B2368E7DE0045D1AF /* UCD */,
				9651A7DC23BB4E24002F22EA /* Unihan */,
				9687050C2368E9970045D1AF /* Emoji */,
				9619B6C4232D02F400AA83C3 /* CLDR */,
				9672E28225043D8F003D5886 /* BuildUnicodeData */,
				96CEDF392504599A00BDCA0E /* BuildUnicodeDataDebug */,
				96D5714F2506363A007CB675 /* SyncPackageRevisions */,
				96D7CD9B25064F0A0021EBD9 /* SyncPackageRevisionsDebug */,
				964AB9321D1B6490004C827C /* Products */,
				96DB1A77202FB80300B96D3C /* Frameworks */,
				96094C3C23920A6B00D29C7D /* Package.resolved */,
			);
			sourceTree = "<group>";
		};
		964AB9321D1B6490004C827C /* Products */ = {
			isa = PBXGroup;
			children = (
				964AB9311D1B6490004C827C /* Keyboard.app */,
				965BFAC61F7979FA00B8F682 /* KeyboardTests.xctest */,
				964AB9671D1B6535004C827C /* KeyboardExtension.appex */,
				96E354E72020DDBC00668374 /* Keyboard.app */,
				96E354F82020DDBD00668374 /* KeyboardTests.xctest */,
				9613E0212367CF5C0087CA57 /* BuildUnicodeDataDebug */,
				9622D3AF23687FDD00ED3665 /* UnicodeData.sqlite */,
				969102B723EBBC9600E9BE0D /* UnicodeData.sqlite-wal */,
				96D7CD9A25064F0A0021EBD9 /* SyncPackageRevisionsDebug */,
			);
			name = Products;
			sourceTree = "<group>";
		};
		964AB9331D1B6490004C827C /* Keyboard_iOS */ = {
			isa = PBXGroup;
			children = (
				9633BB7C288FD04B002126BF /* KeyboardApp.swift */,
				964AB93E1D1B6490004C827C /* Assets.xcassets */,
				964AB9401D1B6490004C827C /* LaunchScreen.storyboard */,
				964AB9431D1B6490004C827C /* Info.plist */,
				9644DAFE22436E7600C687A9 /* Settings.bundle */,
			);
			path = Keyboard_iOS;
			sourceTree = "<group>";
		};
		964AB9681D1B6535004C827C /* Keyboard_iOSExtension */ = {
			isa = PBXGroup;
			children = (
				964AB96B1D1B6535004C827C /* Info.plist */,
			);
			path = Keyboard_iOSExtension;
			sourceTree = "<group>";
		};
		964EA724237EC59000CA1D83 /* UnicodeDataTests */ = {
			isa = PBXGroup;
			children = (
				964EA725237EC5F700CA1D83 /* UnicodeDataTests.swift */,
				9648D95E238C964500711D93 /* UnicodeItemTests.swift */,
			);
			path = UnicodeDataTests;
			sourceTree = "<group>";
		};
		965BFAC71F7979FA00B8F682 /* Keyboard_iOSTests */ = {
			isa = PBXGroup;
			children = (
				965BFAC81F7979FA00B8F682 /* Keyboard_iOSTests.swift */,
				965BFACA1F7979FA00B8F682 /* Info.plist */,
			);
			path = Keyboard_iOSTests;
			sourceTree = "<group>";
		};
		9673A3C222D39C26003DE81A /* Windows */ = {
			isa = PBXGroup;
			children = (
				966E4A9A22D4CC0F00A44D87 /* KeyboardWindow.swift */,
				96BE9C7020A8340400C2C03F /* CharacterSearchWindow.swift */,
				963212B5217C61BB00E8A6B2 /* CharacterSequenceWindow.swift */,
				963212B3217B820500E8A6B2 /* FloatingWindow.swift */,
				96122C0522DBA18000125F65 /* LegalNoticesWindow.swift */,
				96B8908A21E04EA800917CB2 /* GuideWindow.swift */,
			);
			path = Windows;
			sourceTree = "<group>";
		};
		9673A3C322D39C6C003DE81A /* Views */ = {
			isa = PBXGroup;
			children = (
				966E4A9822D4CB4C00A44D87 /* KeyboardView.swift */,
				96CB9A8322D8E2D7004CA972 /* KeyView.swift */,
			);
			path = Views;
			sourceTree = "<group>";
		};
		9673A3C422D39CEE003DE81A /* Menu */ = {
			isa = PBXGroup;
			children = (
				963DE0B1202F012B0040A448 /* StatusMenu.swift */,
				96443FBB208BE94D002FFA6B /* AccessibilityMenuItem.swift */,
				96AED32E203120DE00498A7E /* LayoutMenuItem.swift */,
				96AED33020312AE600498A7E /* InterfaceLanguageMenuItem.swift */,
				96AED33220312BA500498A7E /* LanguageMenuItem.swift */,
				965A8B3D20D2EDF800E0260E /* VisibilityMenuItem.swift */,
				966EB96C202FC0D3007718F2 /* LegalNoticesMenuItem.swift */,
				96F28C2320302AC00023313C /* VersionMenuItem.swift */,
				96AFEBA6202FA9080099F70B /* QuitMenuItem.swift */,
				96AFEBA8202FAB830099F70B /* LocalizedMenuItem.swift */,
			);
			path = Menu;
			sourceTree = "<group>";
		};
		968A72012506F1CB0059014B /* KeyboardModuleTests */ = {
			isa = PBXGroup;
			children = (
				968A72062506F1CB0059014B /* Array<CharacterComponent>Tests.swift */,
				968A72032506F1CB0059014B /* Array<Equatable>Tests.swift */,
				968A72092506F1CB0059014B /* CharacterComponentsDictionaryTests.swift */,
				96BC540C28A8744600F7D120 /* CharacterSearchTests.swift */,
				968A72082506F1CB0059014B /* KeyboardModuleTests.swift */,
				968A72022506F1CB0059014B /* KeyboardTests.swift */,
				968A72052506F1CB0059014B /* KeyTests.swift */,
				968A72042506F1CB0059014B /* StringTests.swift */,
			);
			name = KeyboardModuleTests;
			path = KeyboardModule/Tests/KeyboardModuleTests;
			sourceTree = "<group>";
		};
		96CEDF392504599A00BDCA0E /* BuildUnicodeDataDebug */ = {
			isa = PBXGroup;
			children = (
				960ECB6025044F3B00787C22 /* BuildUnicodeDataDebug.entitlements */,
				96CEDF3A25045A0200BDCA0E /* Sources */,
			);
			path = BuildUnicodeDataDebug;
			sourceTree = "<group>";
		};
		96CEDF3A25045A0200BDCA0E /* Sources */ = {
			isa = PBXGroup;
			children = (
				96CEDF3B25045A0200BDCA0E /* BuildUnicodeData */,
			);
			name = Sources;
			path = BuildUnicodeData/Sources;
			sourceTree = SOURCE_ROOT;
		};
		96CEDF3B25045A0200BDCA0E /* BuildUnicodeData */ = {
			isa = PBXGroup;
			children = (
				96CEDF4325045A0200BDCA0E /* AnnotationsXMLParser.swift */,
				96CEDF3D25045A0200BDCA0E /* EmojiStatus.swift */,
				96CEDF4125045A0200BDCA0E /* KeyboardXMLParser.swift */,
				96CEDF3F25045A0200BDCA0E /* BuildUnicodeData.swift */,
				96CEDF4425045A0200BDCA0E /* main.swift */,
				96CEDF4025045A0200BDCA0E /* MainXMLParser.swift */,
				96CEDF4625045A0200BDCA0E /* NameAliasType.swift */,
				96CEDF4225045A0200BDCA0E /* String.swift */,
				96CEDF3C25045A0200BDCA0E /* UnicodeDataItem.swift */,
				96CEDF4525045A0200BDCA0E /* UnihanFieldType.swift */,
				96CEDF3E25045A0200BDCA0E /* yoficationTable.swift */,
			);
			path = BuildUnicodeData;
			sourceTree = "<group>";
		};
		96D7CD9B25064F0A0021EBD9 /* SyncPackageRevisionsDebug */ = {
			isa = PBXGroup;
			children = (
				9613CD312506559700A2F2FD /* Sources */,
			);
			path = SyncPackageRevisionsDebug;
			sourceTree = "<group>";
		};
		96DB1A77202FB80300B96D3C /* Frameworks */ = {
			isa = PBXGroup;
			children = (
				9651D95422F3602900FD1EE9 /* SwiftUI.framework */,
			);
			name = Frameworks;
			sourceTree = "<group>";
		};
		96E354E82020DDBC00668374 /* Keyboard_macOS */ = {
			isa = PBXGroup;
			children = (
				963DE0AF202F00B60040A448 /* main.swift */,
				9673A3C422D39CEE003DE81A /* Menu */,
				9673A3C222D39C26003DE81A /* Windows */,
				9673A3C322D39C6C003DE81A /* Views */,
				96E354E92020DDBC00668374 /* AppDelegate.swift */,
				968DEA8020CCDFA400750040 /* eventTapCallback.swift */,
				96D6E94E20C8494800C357FA /* NonAccessibilityDocumentContext.swift */,
				967502532089E1D300FD6CED /* LaunchAgent.swift */,
				9673CAD7203282490030E2CA /* AXUIElement.swift */,
				960FEFED203D37590099E449 /* AXAttribute.swift */,
				96AC6CA2203C23B200555164 /* CGEvent.swift */,
				96ACD587205261EE007CFDCF /* NSPasteboard.swift */,
				960F7E8322CD62FE00419F62 /* NSFont.swift */,
				96E354ED2020DDBC00668374 /* Assets.xcassets */,
				96E354F22020DDBD00668374 /* Info.plist */,
				96E354F32020DDBD00668374 /* Keyboard_macOS.entitlements */,
			);
			path = Keyboard_macOS;
			sourceTree = "<group>";
		};
		96E354FB2020DDBD00668374 /* Keyboard_macOSTests */ = {
			isa = PBXGroup;
			children = (
				96E354FC2020DDBD00668374 /* Keyboard_macOSTests.swift */,
				96E354FE2020DDBD00668374 /* Info.plist */,
			);
			path = Keyboard_macOSTests;
			sourceTree = "<group>";
		};
/* End PBXGroup section */

/* Begin PBXNativeTarget section */
		9613E0202367CF5C0087CA57 /* BuildUnicodeDataDebug */ = {
			isa = PBXNativeTarget;
			buildConfigurationList = 9613E0272367CF5C0087CA57 /* Build configuration list for PBXNativeTarget "BuildUnicodeDataDebug" */;
			buildPhases = (
				9613E01D2367CF5C0087CA57 /* Sources */,
				9613E01E2367CF5C0087CA57 /* Frameworks */,
				9613E01F2367CF5C0087CA57 /* CopyFiles */,
				960ECB5C25044F1300787C22 /* Embed Frameworks */,
			);
			buildRules = (
			);
			dependencies = (
			);
			name = BuildUnicodeDataDebug;
			packageProductDependencies = (
				960ECB5925044F1300787C22 /* LinguisticKit */,
				960ECB5D25044F1A00787C22 /* UnicodeData */,
			);
			productName = BuildUnicodeData;
			productReference = 9613E0212367CF5C0087CA57 /* BuildUnicodeDataDebug */;
			productType = "com.apple.product-type.tool";
		};
		964AB9301D1B6490004C827C /* Keyboard_iOS */ = {
			isa = PBXNativeTarget;
			buildConfigurationList = 964AB95A1D1B6490004C827C /* Build configuration list for PBXNativeTarget "Keyboard_iOS" */;
			buildPhases = (
				964AB92D1D1B6490004C827C /* Sources */,
				964AB92E1D1B6490004C827C /* Frameworks */,
				964AB92F1D1B6490004C827C /* Resources */,
				964AB9721D1B6535004C827C /* Embed App Extensions */,
				96A8EB0621AEC49000941FA0 /* Embed Frameworks */,
			);
			buildRules = (
			);
			dependencies = (
				9622C6CC2368C468008C6109 /* PBXTargetDependency */,
				964AB96D1D1B6535004C827C /* PBXTargetDependency */,
			);
			name = Keyboard_iOS;
			packageProductDependencies = (
				96E92B4B22E02A190019EC2F /* Calculator */,
				96E92B4D22E02A1D0019EC2F /* LinguisticKit */,
				9672E28925043EAD003D5886 /* UnicodeData */,
				968A721E2506F2FC0059014B /* KeyboardModule */,
				9641FF57250705B100600D5D /* KeyboardExtensionModule */,
				96CAA7242508E7A300092FE2 /* KeyboardGuide */,
			);
			productName = Keyboard_iOS;
			productReference = 964AB9311D1B6490004C827C /* Keyboard.app */;
			productType = "com.apple.product-type.application";
		};
		964AB9661D1B6535004C827C /* Keyboard_iOSExtension */ = {
			isa = PBXNativeTarget;
			buildConfigurationList = 964AB96F1D1B6535004C827C /* Build configuration list for PBXNativeTarget "Keyboard_iOSExtension" */;
			buildPhases = (
				964AB9631D1B6535004C827C /* Sources */,
				964AB9641D1B6535004C827C /* Frameworks */,
				964AB9651D1B6535004C827C /* Resources */,
				9661572D243AEF5700E1D32A /* Embed Frameworks */,
			);
			buildRules = (
			);
			dependencies = (
				9622C6CE2368C476008C6109 /* PBXTargetDependency */,
			);
			name = Keyboard_iOSExtension;
			packageProductDependencies = (
				9641FF552507057100600D5D /* KeyboardExtensionModule */,
			);
			productName = Keyboard_iOSExtension;
			productReference = 964AB9671D1B6535004C827C /* KeyboardExtension.appex */;
			productType = "com.apple.product-type.app-extension";
		};
		965BFAC51F7979FA00B8F682 /* Keyboard_iOSTests */ = {
			isa = PBXNativeTarget;
			buildConfigurationList = 965BFACF1F7979FA00B8F682 /* Build configuration list for PBXNativeTarget "Keyboard_iOSTests" */;
			buildPhases = (
				965BFAC21F7979FA00B8F682 /* Sources */,
				965BFAC31F7979FA00B8F682 /* Frameworks */,
				965BFAC41F7979FA00B8F682 /* Resources */,
				9672E28E250440FB003D5886 /* Embed Frameworks */,
			);
			buildRules = (
			);
			dependencies = (
				965BFACC1F7979FA00B8F682 /* PBXTargetDependency */,
			);
			name = Keyboard_iOSTests;
			packageProductDependencies = (
				9672E29425044461003D5886 /* UnicodeData */,
			);
			productName = Keyboard_iOSTests;
			productReference = 965BFAC61F7979FA00B8F682 /* KeyboardTests.xctest */;
			productType = "com.apple.product-type.bundle.unit-test";
		};
		96D7CD9925064F0A0021EBD9 /* SyncPackageRevisionsDebug */ = {
			isa = PBXNativeTarget;
			buildConfigurationList = 96D7CD9E25064F0A0021EBD9 /* Build configuration list for PBXNativeTarget "SyncPackageRevisionsDebug" */;
			buildPhases = (
				96D7CD9625064F0A0021EBD9 /* Sources */,
				96D7CD9725064F0A0021EBD9 /* Frameworks */,
				96D7CD9825064F0A0021EBD9 /* CopyFiles */,
			);
			buildRules = (
			);
			dependencies = (
			);
			name = SyncPackageRevisionsDebug;
			productName = SyncPackageRevisionsDebug;
			productReference = 96D7CD9A25064F0A0021EBD9 /* SyncPackageRevisionsDebug */;
			productType = "com.apple.product-type.tool";
		};
		96E354E62020DDBC00668374 /* Keyboard_macOS */ = {
			isa = PBXNativeTarget;
			buildConfigurationList = 96E355032020DDBD00668374 /* Build configuration list for PBXNativeTarget "Keyboard_macOS" */;
			buildPhases = (
				96E354E32020DDBC00668374 /* Sources */,
				96E354E42020DDBC00668374 /* Frameworks */,
				96E354E52020DDBC00668374 /* Resources */,
				96F2FB02208A6DA8001AB286 /* ShellScript */,
				9661572A243AEF4900E1D32A /* Embed Frameworks */,
			);
			buildRules = (
			);
			dependencies = (
				9622C6CA2368C460008C6109 /* PBXTargetDependency */,
			);
			name = Keyboard_macOS;
			packageProductDependencies = (
				96E92B4622E029E40019EC2F /* Calculator */,
				96E92B4922E02A0A0019EC2F /* LinguisticKit */,
				9672E28325043E94003D5886 /* UnicodeData */,
				968A721A2506F2BA0059014B /* KeyboardModule */,
			);
			productName = Keyboard_macOS;
			productReference = 96E354E72020DDBC00668374 /* Keyboard.app */;
			productType = "com.apple.product-type.application";
		};
		96E354F72020DDBD00668374 /* Keyboard_macOSTests */ = {
			isa = PBXNativeTarget;
			buildConfigurationList = 96E355042020DDBD00668374 /* Build configuration list for PBXNativeTarget "Keyboard_macOSTests" */;
			buildPhases = (
				96E354F42020DDBD00668374 /* Sources */,
				96E354F52020DDBD00668374 /* Frameworks */,
				96E354F62020DDBD00668374 /* Resources */,
				9672E29225044221003D5886 /* Embed Frameworks */,
			);
			buildRules = (
			);
			dependencies = (
				96E354FA2020DDBD00668374 /* PBXTargetDependency */,
			);
			name = Keyboard_macOSTests;
			packageProductDependencies = (
				9672E29025044221003D5886 /* UnicodeData */,
			);
			productName = Keyboard_macOSTests;
			productReference = 96E354F82020DDBD00668374 /* KeyboardTests.xctest */;
			productType = "com.apple.product-type.bundle.unit-test";
		};
/* End PBXNativeTarget section */

/* Begin PBXProject section */
		964AB9271D1B63C0004C827C /* Project object */ = {
			isa = PBXProject;
			attributes = {
				LastSwiftUpdateCheck = 1200;
				LastUpgradeCheck = 1340;
				TargetAttributes = {
					9613E0202367CF5C0087CA57 = {
						CreatedOnToolsVersion = 11.1;
					};
					9622C6C22368C28C008C6109 = {
						CreatedOnToolsVersion = 11.1;
					};
					964AB9301D1B6490004C827C = {
						CreatedOnToolsVersion = 8.0;
						DevelopmentTeam = W9KRA79GNJ;
						DevelopmentTeamName = "Roman Kerimov";
						LastSwiftMigration = 0900;
						ProvisioningStyle = Automatic;
					};
					964AB9661D1B6535004C827C = {
						CreatedOnToolsVersion = 8.0;
						DevelopmentTeam = W9KRA79GNJ;
						DevelopmentTeamName = "Roman Kerimov";
						LastSwiftMigration = 0900;
						ProvisioningStyle = Automatic;
					};
					965BFAC51F7979FA00B8F682 = {
						CreatedOnToolsVersion = 9.0;
						DevelopmentTeam = W9KRA79GNJ;
						ProvisioningStyle = Automatic;
						TestTargetID = 964AB9301D1B6490004C827C;
					};
					96D7CD9925064F0A0021EBD9 = {
						CreatedOnToolsVersion = 12.0;
					};
					96E354E62020DDBC00668374 = {
						CreatedOnToolsVersion = 9.3;
						DevelopmentTeam = W9KRA79GNJ;
						ProvisioningStyle = Automatic;
						SystemCapabilities = {
							com.apple.Sandbox = {
								enabled = 0;
							};
						};
					};
					96E354F72020DDBD00668374 = {
						CreatedOnToolsVersion = 9.3;
						DevelopmentTeam = W9KRA79GNJ;
						ProvisioningStyle = Automatic;
						TestTargetID = 96E354E62020DDBC00668374;
					};
				};
			};
			buildConfigurationList = 964AB92A1D1B63C0004C827C /* Build configuration list for PBXProject "Keyboard" */;
			compatibilityVersion = "Xcode 11.0";
			developmentRegion = en;
			hasScannedForEncodings = 0;
			knownRegions = (
				en,
				Base,
			);
			mainGroup = 964AB9261D1B63C0004C827C;
			packageReferences = (
				96E92B4522E029E40019EC2F /* XCRemoteSwiftPackageReference "Calculator" */,
				96E92B4822E02A0A0019EC2F /* XCRemoteSwiftPackageReference "LinguisticKit" */,
			);
			productRefGroup = 964AB9321D1B6490004C827C /* Products */;
			projectDirPath = "";
			projectRoot = "";
			targets = (
				964AB9301D1B6490004C827C /* Keyboard_iOS */,
				965BFAC51F7979FA00B8F682 /* Keyboard_iOSTests */,
				964AB9661D1B6535004C827C /* Keyboard_iOSExtension */,
				96E354E62020DDBC00668374 /* Keyboard_macOS */,
				96E354F72020DDBD00668374 /* Keyboard_macOSTests */,
				9613E0202367CF5C0087CA57 /* BuildUnicodeDataDebug */,
				96D7CD9925064F0A0021EBD9 /* SyncPackageRevisionsDebug */,
				9622C6C22368C28C008C6109 /* RunScripts */,
			);
		};
/* End PBXProject section */

/* Begin PBXResourcesBuildPhase section */
		964AB92F1D1B6490004C827C /* Resources */ = {
			isa = PBXResourcesBuildPhase;
			buildActionMask = 2147483647;
			files = (
				966B7694237A30F2004D299B /* unicode-license.txt in Resources */,
				969102B823EBBC9600E9BE0D /* UnicodeData.sqlite-wal in Resources */,
				964AB9421D1B6490004C827C /* LaunchScreen.storyboard in Resources */,
				964AB93F1D1B6490004C827C /* Assets.xcassets in Resources */,
				9644DAFF22436E7600C687A9 /* Settings.bundle in Resources */,
				9622D3B1236880E100ED3665 /* UnicodeData.sqlite in Resources */,
			);
			runOnlyForDeploymentPostprocessing = 0;
		};
		964AB9651D1B6535004C827C /* Resources */ = {
			isa = PBXResourcesBuildPhase;
			buildActionMask = 2147483647;
			files = (
				966B7695237A30F9004D299B /* unicode-license.txt in Resources */,
				969102B923EBBC9600E9BE0D /* UnicodeData.sqlite-wal in Resources */,
				9622D3B2236880E200ED3665 /* UnicodeData.sqlite in Resources */,
			);
			runOnlyForDeploymentPostprocessing = 0;
		};
		965BFAC41F7979FA00B8F682 /* Resources */ = {
			isa = PBXResourcesBuildPhase;
			buildActionMask = 2147483647;
			files = (
			);
			runOnlyForDeploymentPostprocessing = 0;
		};
		96E354E52020DDBC00668374 /* Resources */ = {
			isa = PBXResourcesBuildPhase;
			buildActionMask = 2147483647;
			files = (
				969102BA23EBBC9600E9BE0D /* UnicodeData.sqlite-wal in Resources */,
				966B7696237A30FC004D299B /* unicode-license.txt in Resources */,
				96E354EE2020DDBC00668374 /* Assets.xcassets in Resources */,
				9622D3B0236880DF00ED3665 /* UnicodeData.sqlite in Resources */,
			);
			runOnlyForDeploymentPostprocessing = 0;
		};
		96E354F62020DDBD00668374 /* Resources */ = {
			isa = PBXResourcesBuildPhase;
			buildActionMask = 2147483647;
			files = (
			);
			runOnlyForDeploymentPostprocessing = 0;
		};
/* End PBXResourcesBuildPhase section */

/* Begin PBXShellScriptBuildPhase section */
		9622C6C62368C2CE008C6109 /* Build Unicode Data */ = {
			isa = PBXShellScriptBuildPhase;
			buildActionMask = 2147483647;
			files = (
			);
			inputFileListPaths = (
			);
			inputPaths = (
			);
			name = "Build Unicode Data";
			outputFileListPaths = (
			);
			outputPaths = (
			);
			runOnlyForDeploymentPostprocessing = 0;
			shellPath = /bin/sh;
			shellScript = "cd ${PROJECT_DIR}/SyncPackageRevisions\nswift run -c release SyncPackageRevisions ${PROJECT_DIR}\n\ncd ${PROJECT_DIR}/BuildUnicodeData\nswift run -c release BuildUnicodeData ${PROJECT_DIR} ${BUILD_DIR}\n";
		};
		96B8673024A25D520054DCAF /* Build Environment */ = {
			isa = PBXShellScriptBuildPhase;
			buildActionMask = 2147483647;
			files = (
			);
			inputFileListPaths = (
			);
			inputPaths = (
			);
			name = "Build Environment";
			outputFileListPaths = (
			);
			outputPaths = (
			);
			runOnlyForDeploymentPostprocessing = 0;
			shellPath = /bin/sh;
			shellScript = "echo \"xcodebuild -version\\n\" > BuildEnvironment\nxcodebuild -version >> BuildEnvironment\n\necho \"\\n\" >> BuildEnvironment\n\necho \"sw_vers\\n\" >> BuildEnvironment\nsw_vers >> BuildEnvironment\n";
		};
		96F2FB02208A6DA8001AB286 /* ShellScript */ = {
			isa = PBXShellScriptBuildPhase;
			buildActionMask = 2147483647;
			files = (
			);
			inputPaths = (
			);
			outputPaths = (
			);
			runOnlyForDeploymentPostprocessing = 0;
			shellPath = /bin/sh;
			shellScript = "killall Keyboard || true\n";
		};
/* End PBXShellScriptBuildPhase section */

/* Begin PBXSourcesBuildPhase section */
		9613E01D2367CF5C0087CA57 /* Sources */ = {
			isa = PBXSourcesBuildPhase;
			buildActionMask = 2147483647;
			files = (
				96CEDF5125045A0200BDCA0E /* NameAliasType.swift in Sources */,
				96CEDF4825045A0200BDCA0E /* EmojiStatus.swift in Sources */,
				96CEDF5025045A0200BDCA0E /* UnihanFieldType.swift in Sources */,
				96CEDF4E25045A0200BDCA0E /* AnnotationsXMLParser.swift in Sources */,
				96CEDF4F25045A0200BDCA0E /* main.swift in Sources */,
				96CEDF4A25045A0200BDCA0E /* BuildUnicodeData.swift in Sources */,
				96CEDF4925045A0200BDCA0E /* yoficationTable.swift in Sources */,
				96CEDF4C25045A0200BDCA0E /* KeyboardXMLParser.swift in Sources */,
				96CEDF4D25045A0200BDCA0E /* String.swift in Sources */,
				96CEDF4725045A0200BDCA0E /* UnicodeDataItem.swift in Sources */,
				96CEDF4B25045A0200BDCA0E /* MainXMLParser.swift in Sources */,
			);
			runOnlyForDeploymentPostprocessing = 0;
		};
		964AB92D1D1B6490004C827C /* Sources */ = {
			isa = PBXSourcesBuildPhase;
			buildActionMask = 2147483647;
			files = (
				9633BB7D288FD04B002126BF /* KeyboardApp.swift in Sources */,
			);
			runOnlyForDeploymentPostprocessing = 0;
		};
		964AB9631D1B6535004C827C /* Sources */ = {
			isa = PBXSourcesBuildPhase;
			buildActionMask = 2147483647;
			files = (
			);
			runOnlyForDeploymentPostprocessing = 0;
		};
		965BFAC21F7979FA00B8F682 /* Sources */ = {
			isa = PBXSourcesBuildPhase;
			buildActionMask = 2147483647;
			files = (
				96BC540D28A8744600F7D120 /* CharacterSearchTests.swift in Sources */,
				9648D95F238C964500711D93 /* UnicodeItemTests.swift in Sources */,
				964EA726237EC5F700CA1D83 /* UnicodeDataTests.swift in Sources */,
				968A720C2506F1CB0059014B /* Array<Equatable>Tests.swift in Sources */,
				968A72182506F1CB0059014B /* CharacterComponentsDictionaryTests.swift in Sources */,
				968A720E2506F1CB0059014B /* StringTests.swift in Sources */,
				968A720A2506F1CB0059014B /* KeyboardTests.swift in Sources */,
				968A72162506F1CB0059014B /* KeyboardModuleTests.swift in Sources */,
				968A72102506F1CB0059014B /* KeyTests.swift in Sources */,
				968A72122506F1CB0059014B /* Array<CharacterComponent>Tests.swift in Sources */,
				965BFAC91F7979FA00B8F682 /* Keyboard_iOSTests.swift in Sources */,
			);
			runOnlyForDeploymentPostprocessing = 0;
		};
		96D7CD9625064F0A0021EBD9 /* Sources */ = {
			isa = PBXSourcesBuildPhase;
			buildActionMask = 2147483647;
			files = (
				9613CD352506559700A2F2FD /* PackageResolved.swift in Sources */,
				9613CD362506559700A2F2FD /* main.swift in Sources */,
			);
			runOnlyForDeploymentPostprocessing = 0;
		};
		96E354E32020DDBC00668374 /* Sources */ = {
			isa = PBXSourcesBuildPhase;
			buildActionMask = 2147483647;
			files = (
				96AC6CA3203C23B200555164 /* CGEvent.swift in Sources */,
				96ACD588205261EE007CFDCF /* NSPasteboard.swift in Sources */,
				96AED33120312AE600498A7E /* InterfaceLanguageMenuItem.swift in Sources */,
				967502542089E1D300FD6CED /* LaunchAgent.swift in Sources */,
				96AED33320312BA500498A7E /* LanguageMenuItem.swift in Sources */,
				963DE0B0202F00B60040A448 /* main.swift in Sources */,
				963212B4217B820500E8A6B2 /* FloatingWindow.swift in Sources */,
				966E4A9922D4CB4C00A44D87 /* KeyboardView.swift in Sources */,
				965A8B3E20D2EDF800E0260E /* VisibilityMenuItem.swift in Sources */,
				963DE0B2202F012B0040A448 /* StatusMenu.swift in Sources */,
				96E354EA2020DDBC00668374 /* AppDelegate.swift in Sources */,
				96443FBC208BE94D002FFA6B /* AccessibilityMenuItem.swift in Sources */,
				96F28C2420302AC00023313C /* VersionMenuItem.swift in Sources */,
				96AFEBA9202FAB830099F70B /* LocalizedMenuItem.swift in Sources */,
				96AFEBA7202FA9080099F70B /* QuitMenuItem.swift in Sources */,
				966EB96D202FC0D3007718F2 /* LegalNoticesMenuItem.swift in Sources */,
				966E4A9B22D4CC0F00A44D87 /* KeyboardWindow.swift in Sources */,
				96BE9C7120A8340400C2C03F /* CharacterSearchWindow.swift in Sources */,
				9673CAD8203282490030E2CA /* AXUIElement.swift in Sources */,
				96CB9A8422D8E2D7004CA972 /* KeyView.swift in Sources */,
				968DEA8120CCDFA400750040 /* eventTapCallback.swift in Sources */,
				96B8908B21E04EA800917CB2 /* GuideWindow.swift in Sources */,
				960FEFEE203D37590099E449 /* AXAttribute.swift in Sources */,
				96122C0622DBA18000125F65 /* LegalNoticesWindow.swift in Sources */,
				960F7E8422CD62FE00419F62 /* NSFont.swift in Sources */,
				96AED32F203120DE00498A7E /* LayoutMenuItem.swift in Sources */,
				963212B6217C61BC00E8A6B2 /* CharacterSequenceWindow.swift in Sources */,
				96D6E94F20C8494800C357FA /* NonAccessibilityDocumentContext.swift in Sources */,
			);
			runOnlyForDeploymentPostprocessing = 0;
		};
		96E354F42020DDBD00668374 /* Sources */ = {
			isa = PBXSourcesBuildPhase;
			buildActionMask = 2147483647;
			files = (
				96BC540E28A8744600F7D120 /* CharacterSearchTests.swift in Sources */,
				96E354FD2020DDBD00668374 /* Keyboard_macOSTests.swift in Sources */,
				9648D960238C964500711D93 /* UnicodeItemTests.swift in Sources */,
				968A720D2506F1CB0059014B /* Array<Equatable>Tests.swift in Sources */,
				968A72192506F1CB0059014B /* CharacterComponentsDictionaryTests.swift in Sources */,
				968A720F2506F1CB0059014B /* StringTests.swift in Sources */,
				968A720B2506F1CB0059014B /* KeyboardTests.swift in Sources */,
				968A72172506F1CB0059014B /* KeyboardModuleTests.swift in Sources */,
				968A72112506F1CB0059014B /* KeyTests.swift in Sources */,
				964EA727237EC5F700CA1D83 /* UnicodeDataTests.swift in Sources */,
				968A72132506F1CB0059014B /* Array<CharacterComponent>Tests.swift in Sources */,
			);
			runOnlyForDeploymentPostprocessing = 0;
		};
/* End PBXSourcesBuildPhase section */

/* Begin PBXTargetDependency section */
		9622C6CA2368C460008C6109 /* PBXTargetDependency */ = {
			isa = PBXTargetDependency;
			target = 9622C6C22368C28C008C6109 /* RunScripts */;
			targetProxy = 9622C6C92368C460008C6109 /* PBXContainerItemProxy */;
		};
		9622C6CC2368C468008C6109 /* PBXTargetDependency */ = {
			isa = PBXTargetDependency;
			target = 9622C6C22368C28C008C6109 /* RunScripts */;
			targetProxy = 9622C6CB2368C468008C6109 /* PBXContainerItemProxy */;
		};
		9622C6CE2368C476008C6109 /* PBXTargetDependency */ = {
			isa = PBXTargetDependency;
			target = 9622C6C22368C28C008C6109 /* RunScripts */;
			targetProxy = 9622C6CD2368C476008C6109 /* PBXContainerItemProxy */;
		};
		964AB96D1D1B6535004C827C /* PBXTargetDependency */ = {
			isa = PBXTargetDependency;
			target = 964AB9661D1B6535004C827C /* Keyboard_iOSExtension */;
			targetProxy = 964AB96C1D1B6535004C827C /* PBXContainerItemProxy */;
		};
		965BFACC1F7979FA00B8F682 /* PBXTargetDependency */ = {
			isa = PBXTargetDependency;
			target = 964AB9301D1B6490004C827C /* Keyboard_iOS */;
			targetProxy = 965BFACB1F7979FA00B8F682 /* PBXContainerItemProxy */;
		};
		96E354FA2020DDBD00668374 /* PBXTargetDependency */ = {
			isa = PBXTargetDependency;
			target = 96E354E62020DDBC00668374 /* Keyboard_macOS */;
			targetProxy = 96E354F92020DDBD00668374 /* PBXContainerItemProxy */;
		};
/* End PBXTargetDependency section */

/* Begin PBXVariantGroup section */
		964AB9401D1B6490004C827C /* LaunchScreen.storyboard */ = {
			isa = PBXVariantGroup;
			children = (
				964AB9411D1B6490004C827C /* Base */,
			);
			name = LaunchScreen.storyboard;
			sourceTree = "<group>";
		};
/* End PBXVariantGroup section */

/* Begin XCBuildConfiguration section */
		9613E0252367CF5C0087CA57 /* Debug */ = {
			isa = XCBuildConfiguration;
			buildSettings = {
				CLANG_CXX_LANGUAGE_STANDARD = "gnu++14";
				CLANG_CXX_LIBRARY = "libc++";
				CODE_SIGN_ENTITLEMENTS = BuildUnicodeDataDebug/BuildUnicodeDataDebug.entitlements;
				CODE_SIGN_IDENTITY = "-";
				CODE_SIGN_STYLE = Automatic;
				DEVELOPMENT_TEAM = W9KRA79GNJ;
				ENABLE_HARDENED_RUNTIME = YES;
				GCC_C_LANGUAGE_STANDARD = gnu11;
				GCC_DYNAMIC_NO_PIC = NO;
				MTL_ENABLE_DEBUG_INFO = INCLUDE_SOURCE;
				MTL_FAST_MATH = YES;
				PRODUCT_NAME = "$(TARGET_NAME)";
				SDKROOT = macosx;
				SKIP_INSTALL = YES;
				SWIFT_VERSION = 5.0;
			};
			name = Debug;
		};
		9613E0262367CF5C0087CA57 /* Release */ = {
			isa = XCBuildConfiguration;
			buildSettings = {
				CLANG_CXX_LANGUAGE_STANDARD = "gnu++14";
				CLANG_CXX_LIBRARY = "libc++";
				CODE_SIGN_ENTITLEMENTS = BuildUnicodeDataDebug/BuildUnicodeDataDebug.entitlements;
				CODE_SIGN_IDENTITY = "-";
				CODE_SIGN_STYLE = Automatic;
				DEVELOPMENT_TEAM = W9KRA79GNJ;
				ENABLE_HARDENED_RUNTIME = YES;
				GCC_C_LANGUAGE_STANDARD = gnu11;
				MTL_ENABLE_DEBUG_INFO = NO;
				MTL_FAST_MATH = YES;
				PRODUCT_NAME = "$(TARGET_NAME)";
				SDKROOT = macosx;
				SKIP_INSTALL = YES;
				SWIFT_OPTIMIZATION_LEVEL = "-O";
				SWIFT_VERSION = 5.0;
			};
			name = Release;
		};
		9622C6C32368C28C008C6109 /* Debug */ = {
			isa = XCBuildConfiguration;
			buildSettings = {
				CODE_SIGN_STYLE = Automatic;
				DEVELOPMENT_TEAM = W9KRA79GNJ;
				PRODUCT_NAME = "$(TARGET_NAME)";
				SDKROOT = macosx;
			};
			name = Debug;
		};
		9622C6C42368C28C008C6109 /* Release */ = {
			isa = XCBuildConfiguration;
			buildSettings = {
				CODE_SIGN_STYLE = Automatic;
				DEVELOPMENT_TEAM = W9KRA79GNJ;
				PRODUCT_NAME = "$(TARGET_NAME)";
				SDKROOT = macosx;
			};
			name = Release;
		};
		964AB92B1D1B63C0004C827C /* Debug */ = {
			isa = XCBuildConfiguration;
			buildSettings = {
				ALWAYS_SEARCH_USER_PATHS = NO;
				CLANG_ANALYZER_NONNULL = YES;
				CLANG_ANALYZER_NUMBER_OBJECT_CONVERSION = YES_AGGRESSIVE;
				CLANG_ENABLE_MODULES = YES;
				CLANG_ENABLE_OBJC_ARC = YES;
				CLANG_ENABLE_OBJC_WEAK = YES;
				CLANG_WARN_BLOCK_CAPTURE_AUTORELEASING = YES;
				CLANG_WARN_BOOL_CONVERSION = YES;
				CLANG_WARN_COMMA = YES;
				CLANG_WARN_CONSTANT_CONVERSION = YES;
				CLANG_WARN_DEPRECATED_OBJC_IMPLEMENTATIONS = YES;
				CLANG_WARN_DIRECT_OBJC_ISA_USAGE = YES_ERROR;
				CLANG_WARN_DOCUMENTATION_COMMENTS = YES;
				CLANG_WARN_EMPTY_BODY = YES;
				CLANG_WARN_ENUM_CONVERSION = YES;
				CLANG_WARN_INFINITE_RECURSION = YES;
				CLANG_WARN_INT_CONVERSION = YES;
				CLANG_WARN_NON_LITERAL_NULL_CONVERSION = YES;
				CLANG_WARN_OBJC_IMPLICIT_RETAIN_SELF = YES;
				CLANG_WARN_OBJC_LITERAL_CONVERSION = YES;
				CLANG_WARN_OBJC_ROOT_CLASS = YES_ERROR;
				CLANG_WARN_QUOTED_INCLUDE_IN_FRAMEWORK_HEADER = YES;
				CLANG_WARN_RANGE_LOOP_ANALYSIS = YES;
				CLANG_WARN_STRICT_PROTOTYPES = YES;
				CLANG_WARN_SUSPICIOUS_MOVE = YES;
				CLANG_WARN_UNGUARDED_AVAILABILITY = YES_AGGRESSIVE;
				CLANG_WARN_UNREACHABLE_CODE = YES;
				CLANG_WARN__DUPLICATE_METHOD_MATCH = YES;
				COPY_PHASE_STRIP = NO;
				CURRENT_PROJECT_VERSION = 54;
				DEBUG_INFORMATION_FORMAT = dwarf;
				DEVELOPMENT_TEAM = W9KRA79GNJ;
				ENABLE_STRICT_OBJC_MSGSEND = YES;
				ENABLE_TESTABILITY = YES;
				GCC_NO_COMMON_BLOCKS = YES;
				GCC_OPTIMIZATION_LEVEL = 0;
				GCC_PREPROCESSOR_DEFINITIONS = (
					"DEBUG=1",
					"$(inherited)",
				);
				GCC_WARN_64_TO_32_BIT_CONVERSION = YES;
				GCC_WARN_ABOUT_RETURN_TYPE = YES_ERROR;
				GCC_WARN_UNDECLARED_SELECTOR = YES;
				GCC_WARN_UNINITIALIZED_AUTOS = YES_AGGRESSIVE;
				GCC_WARN_UNUSED_FUNCTION = YES;
				GCC_WARN_UNUSED_VARIABLE = YES;
				INFOPLIST_FILE = "$(TARGET_NAME)/Info.plist";
				IPHONEOS_DEPLOYMENT_TARGET = 15.0;
				MACOSX_DEPLOYMENT_TARGET = 12.0;
				MARKETING_VERSION = 1.0;
				ONLY_ACTIVE_ARCH = YES;
				SDKROOT = iphoneos;
				SWIFT_ACTIVE_COMPILATION_CONDITIONS = DEBUG;
				SWIFT_OPTIMIZATION_LEVEL = "-Onone";
				SWIFT_TREAT_WARNINGS_AS_ERRORS = YES;
				SWIFT_VERSION = 5.0;
				TARGETED_DEVICE_FAMILY = "1,2";
				VERSIONING_SYSTEM = "apple-generic";
			};
			name = Debug;
		};
		964AB92C1D1B63C0004C827C /* Release */ = {
			isa = XCBuildConfiguration;
			buildSettings = {
				ALWAYS_SEARCH_USER_PATHS = NO;
				CLANG_ANALYZER_NONNULL = YES;
				CLANG_ANALYZER_NUMBER_OBJECT_CONVERSION = YES_AGGRESSIVE;
				CLANG_ENABLE_MODULES = YES;
				CLANG_ENABLE_OBJC_ARC = YES;
				CLANG_ENABLE_OBJC_WEAK = YES;
				CLANG_WARN_BLOCK_CAPTURE_AUTORELEASING = YES;
				CLANG_WARN_BOOL_CONVERSION = YES;
				CLANG_WARN_COMMA = YES;
				CLANG_WARN_CONSTANT_CONVERSION = YES;
				CLANG_WARN_DEPRECATED_OBJC_IMPLEMENTATIONS = YES;
				CLANG_WARN_DIRECT_OBJC_ISA_USAGE = YES_ERROR;
				CLANG_WARN_DOCUMENTATION_COMMENTS = YES;
				CLANG_WARN_EMPTY_BODY = YES;
				CLANG_WARN_ENUM_CONVERSION = YES;
				CLANG_WARN_INFINITE_RECURSION = YES;
				CLANG_WARN_INT_CONVERSION = YES;
				CLANG_WARN_NON_LITERAL_NULL_CONVERSION = YES;
				CLANG_WARN_OBJC_IMPLICIT_RETAIN_SELF = YES;
				CLANG_WARN_OBJC_LITERAL_CONVERSION = YES;
				CLANG_WARN_OBJC_ROOT_CLASS = YES_ERROR;
				CLANG_WARN_QUOTED_INCLUDE_IN_FRAMEWORK_HEADER = YES;
				CLANG_WARN_RANGE_LOOP_ANALYSIS = YES;
				CLANG_WARN_STRICT_PROTOTYPES = YES;
				CLANG_WARN_SUSPICIOUS_MOVE = YES;
				CLANG_WARN_UNGUARDED_AVAILABILITY = YES_AGGRESSIVE;
				CLANG_WARN_UNREACHABLE_CODE = YES;
				CLANG_WARN__DUPLICATE_METHOD_MATCH = YES;
				COPY_PHASE_STRIP = NO;
				CURRENT_PROJECT_VERSION = 54;
				DEBUG_INFORMATION_FORMAT = "dwarf-with-dsym";
				DEVELOPMENT_TEAM = W9KRA79GNJ;
				ENABLE_NS_ASSERTIONS = NO;
				ENABLE_STRICT_OBJC_MSGSEND = YES;
				GCC_NO_COMMON_BLOCKS = YES;
				GCC_WARN_64_TO_32_BIT_CONVERSION = YES;
				GCC_WARN_ABOUT_RETURN_TYPE = YES_ERROR;
				GCC_WARN_UNDECLARED_SELECTOR = YES;
				GCC_WARN_UNINITIALIZED_AUTOS = YES_AGGRESSIVE;
				GCC_WARN_UNUSED_FUNCTION = YES;
				GCC_WARN_UNUSED_VARIABLE = YES;
				INFOPLIST_FILE = "$(TARGET_NAME)/Info.plist";
				IPHONEOS_DEPLOYMENT_TARGET = 15.0;
				MACOSX_DEPLOYMENT_TARGET = 12.0;
				MARKETING_VERSION = 1.0;
				SDKROOT = iphoneos;
				SWIFT_COMPILATION_MODE = wholemodule;
				SWIFT_OPTIMIZATION_LEVEL = "-Onone";
				SWIFT_TREAT_WARNINGS_AS_ERRORS = YES;
				SWIFT_VERSION = 5.0;
				TARGETED_DEVICE_FAMILY = "1,2";
				VALIDATE_PRODUCT = YES;
				VERSIONING_SYSTEM = "apple-generic";
			};
			name = Release;
		};
		964AB95B1D1B6490004C827C /* Debug */ = {
			isa = XCBuildConfiguration;
			buildSettings = {
				ASSETCATALOG_COMPILER_APPICON_NAME = AppIcon;
				LD_RUNPATH_SEARCH_PATHS = (
					"$(inherited)",
					"@executable_path/Frameworks",
				);
				PRODUCT_BUNDLE_IDENTIFIER = Vnj5sWxe2rI2VKE6oD4eKqaGdBABwSD;
				PRODUCT_NAME = "$(PROJECT_NAME)";
			};
			name = Debug;
		};
		964AB95C1D1B6490004C827C /* Release */ = {
			isa = XCBuildConfiguration;
			buildSettings = {
				ASSETCATALOG_COMPILER_APPICON_NAME = AppIcon;
				LD_RUNPATH_SEARCH_PATHS = (
					"$(inherited)",
					"@executable_path/Frameworks",
				);
				PRODUCT_BUNDLE_IDENTIFIER = Vnj5sWxe2rI2VKE6oD4eKqaGdBABwSD;
				PRODUCT_NAME = "$(PROJECT_NAME)";
			};
			name = Release;
		};
		964AB9701D1B6535004C827C /* Debug */ = {
			isa = XCBuildConfiguration;
			buildSettings = {
				LD_RUNPATH_SEARCH_PATHS = (
					"$(inherited)",
					"@executable_path/Frameworks",
					"@executable_path/../../Frameworks",
				);
				PRODUCT_BUNDLE_IDENTIFIER = Vnj5sWxe2rI2VKE6oD4eKqaGdBABwSD.01AGiMSn;
				PRODUCT_NAME = "$(PROJECT_NAME)Extension";
				SKIP_INSTALL = YES;
			};
			name = Debug;
		};
		964AB9711D1B6535004C827C /* Release */ = {
			isa = XCBuildConfiguration;
			buildSettings = {
				LD_RUNPATH_SEARCH_PATHS = (
					"$(inherited)",
					"@executable_path/Frameworks",
					"@executable_path/../../Frameworks",
				);
				PRODUCT_BUNDLE_IDENTIFIER = Vnj5sWxe2rI2VKE6oD4eKqaGdBABwSD.01AGiMSn;
				PRODUCT_NAME = "$(PROJECT_NAME)Extension";
				SKIP_INSTALL = YES;
			};
			name = Release;
		};
		965BFACD1F7979FA00B8F682 /* Debug */ = {
			isa = XCBuildConfiguration;
			buildSettings = {
				BUNDLE_LOADER = "$(TEST_HOST)";
				LD_RUNPATH_SEARCH_PATHS = (
					"$(inherited)",
					"@executable_path/Frameworks",
					"@loader_path/Frameworks",
				);
				PRODUCT_BUNDLE_IDENTIFIER = Vnj5sWxe2rI2VKE6oD4eKqaGdBABwSD.Tests;
				PRODUCT_NAME = "$(PROJECT_NAME)Tests";
				TEST_HOST = "$(BUILT_PRODUCTS_DIR)/Keyboard.app/Keyboard";
			};
			name = Debug;
		};
		965BFACE1F7979FA00B8F682 /* Release */ = {
			isa = XCBuildConfiguration;
			buildSettings = {
				BUNDLE_LOADER = "$(TEST_HOST)";
				LD_RUNPATH_SEARCH_PATHS = (
					"$(inherited)",
					"@executable_path/Frameworks",
					"@loader_path/Frameworks",
				);
				PRODUCT_BUNDLE_IDENTIFIER = Vnj5sWxe2rI2VKE6oD4eKqaGdBABwSD.Tests;
				PRODUCT_NAME = "$(PROJECT_NAME)Tests";
				TEST_HOST = "$(BUILT_PRODUCTS_DIR)/Keyboard.app/Keyboard";
			};
			name = Release;
		};
		96D7CD9F25064F0A0021EBD9 /* Debug */ = {
			isa = XCBuildConfiguration;
			buildSettings = {
				CLANG_CXX_LANGUAGE_STANDARD = "gnu++14";
				CLANG_CXX_LIBRARY = "libc++";
				CLANG_WARN_QUOTED_INCLUDE_IN_FRAMEWORK_HEADER = YES;
				CODE_SIGN_IDENTITY = "-";
				CODE_SIGN_STYLE = Automatic;
				DEVELOPMENT_TEAM = W9KRA79GNJ;
				ENABLE_HARDENED_RUNTIME = YES;
				GCC_C_LANGUAGE_STANDARD = gnu11;
				GCC_DYNAMIC_NO_PIC = NO;
				MACOSX_DEPLOYMENT_TARGET = 11.0;
				MTL_ENABLE_DEBUG_INFO = INCLUDE_SOURCE;
				MTL_FAST_MATH = YES;
				PRODUCT_NAME = "$(TARGET_NAME)";
				SDKROOT = macosx;
				SWIFT_VERSION = 5.0;
			};
			name = Debug;
		};
		96D7CDA025064F0A0021EBD9 /* Release */ = {
			isa = XCBuildConfiguration;
			buildSettings = {
				CLANG_CXX_LANGUAGE_STANDARD = "gnu++14";
				CLANG_CXX_LIBRARY = "libc++";
				CLANG_WARN_QUOTED_INCLUDE_IN_FRAMEWORK_HEADER = YES;
				CODE_SIGN_IDENTITY = "-";
				CODE_SIGN_STYLE = Automatic;
				DEVELOPMENT_TEAM = W9KRA79GNJ;
				ENABLE_HARDENED_RUNTIME = YES;
				GCC_C_LANGUAGE_STANDARD = gnu11;
				MACOSX_DEPLOYMENT_TARGET = 11.0;
				MTL_ENABLE_DEBUG_INFO = NO;
				MTL_FAST_MATH = YES;
				PRODUCT_NAME = "$(TARGET_NAME)";
				SDKROOT = macosx;
				SWIFT_OPTIMIZATION_LEVEL = "-O";
				SWIFT_VERSION = 5.0;
			};
			name = Release;
		};
		96E354FF2020DDBD00668374 /* Debug */ = {
			isa = XCBuildConfiguration;
			buildSettings = {
				ASSETCATALOG_COMPILER_APPICON_NAME = AppIcon;
				CODE_SIGN_IDENTITY = "-";
				COMBINE_HIDPI_IMAGES = YES;
				LD_RUNPATH_SEARCH_PATHS = (
					"$(inherited)",
					"@executable_path/../Frameworks",
				);
				PRODUCT_BUNDLE_IDENTIFIER = rY3kmwWHhX4cbk131AvOtLb99XoAEQ1;
				PRODUCT_NAME = "$(PROJECT_NAME)";
				SDKROOT = macosx;
			};
			name = Debug;
		};
		96E355002020DDBD00668374 /* Release */ = {
			isa = XCBuildConfiguration;
			buildSettings = {
				ASSETCATALOG_COMPILER_APPICON_NAME = AppIcon;
				CODE_SIGN_IDENTITY = "-";
				COMBINE_HIDPI_IMAGES = YES;
				LD_RUNPATH_SEARCH_PATHS = (
					"$(inherited)",
					"@executable_path/../Frameworks",
				);
				PRODUCT_BUNDLE_IDENTIFIER = rY3kmwWHhX4cbk131AvOtLb99XoAEQ1;
				PRODUCT_NAME = "$(PROJECT_NAME)";
				SDKROOT = macosx;
			};
			name = Release;
		};
		96E355012020DDBD00668374 /* Debug */ = {
			isa = XCBuildConfiguration;
			buildSettings = {
				BUNDLE_LOADER = "$(TEST_HOST)";
				COMBINE_HIDPI_IMAGES = YES;
				LD_RUNPATH_SEARCH_PATHS = (
					"$(inherited)",
					"@executable_path/../Frameworks",
					"@loader_path/../Frameworks",
				);
				PRODUCT_BUNDLE_IDENTIFIER = rY3kmwWHhX4cbk131AvOtLb99XoAEQ1.Tests;
				PRODUCT_NAME = "$(PROJECT_NAME)Tests";
				SDKROOT = macosx;
				TEST_HOST = "$(BUILT_PRODUCTS_DIR)/Keyboard.app/Contents/MacOS/Keyboard";
			};
			name = Debug;
		};
		96E355022020DDBD00668374 /* Release */ = {
			isa = XCBuildConfiguration;
			buildSettings = {
				BUNDLE_LOADER = "$(TEST_HOST)";
				COMBINE_HIDPI_IMAGES = YES;
				LD_RUNPATH_SEARCH_PATHS = (
					"$(inherited)",
					"@executable_path/../Frameworks",
					"@loader_path/../Frameworks",
				);
				PRODUCT_BUNDLE_IDENTIFIER = rY3kmwWHhX4cbk131AvOtLb99XoAEQ1.Tests;
				PRODUCT_NAME = "$(PROJECT_NAME)Tests";
				SDKROOT = macosx;
				TEST_HOST = "$(BUILT_PRODUCTS_DIR)/Keyboard.app/Contents/MacOS/Keyboard";
			};
			name = Release;
		};
/* End XCBuildConfiguration section */

/* Begin XCConfigurationList section */
		9613E0272367CF5C0087CA57 /* Build configuration list for PBXNativeTarget "BuildUnicodeDataDebug" */ = {
			isa = XCConfigurationList;
			buildConfigurations = (
				9613E0252367CF5C0087CA57 /* Debug */,
				9613E0262367CF5C0087CA57 /* Release */,
			);
			defaultConfigurationIsVisible = 0;
			defaultConfigurationName = Release;
		};
		9622C6C52368C28C008C6109 /* Build configuration list for PBXAggregateTarget "RunScripts" */ = {
			isa = XCConfigurationList;
			buildConfigurations = (
				9622C6C32368C28C008C6109 /* Debug */,
				9622C6C42368C28C008C6109 /* Release */,
			);
			defaultConfigurationIsVisible = 0;
			defaultConfigurationName = Release;
		};
		964AB92A1D1B63C0004C827C /* Build configuration list for PBXProject "Keyboard" */ = {
			isa = XCConfigurationList;
			buildConfigurations = (
				964AB92B1D1B63C0004C827C /* Debug */,
				964AB92C1D1B63C0004C827C /* Release */,
			);
			defaultConfigurationIsVisible = 0;
			defaultConfigurationName = Release;
		};
		964AB95A1D1B6490004C827C /* Build configuration list for PBXNativeTarget "Keyboard_iOS" */ = {
			isa = XCConfigurationList;
			buildConfigurations = (
				964AB95B1D1B6490004C827C /* Debug */,
				964AB95C1D1B6490004C827C /* Release */,
			);
			defaultConfigurationIsVisible = 0;
			defaultConfigurationName = Release;
		};
		964AB96F1D1B6535004C827C /* Build configuration list for PBXNativeTarget "Keyboard_iOSExtension" */ = {
			isa = XCConfigurationList;
			buildConfigurations = (
				964AB9701D1B6535004C827C /* Debug */,
				964AB9711D1B6535004C827C /* Release */,
			);
			defaultConfigurationIsVisible = 0;
			defaultConfigurationName = Release;
		};
		965BFACF1F7979FA00B8F682 /* Build configuration list for PBXNativeTarget "Keyboard_iOSTests" */ = {
			isa = XCConfigurationList;
			buildConfigurations = (
				965BFACD1F7979FA00B8F682 /* Debug */,
				965BFACE1F7979FA00B8F682 /* Release */,
			);
			defaultConfigurationIsVisible = 0;
			defaultConfigurationName = Release;
		};
		96D7CD9E25064F0A0021EBD9 /* Build configuration list for PBXNativeTarget "SyncPackageRevisionsDebug" */ = {
			isa = XCConfigurationList;
			buildConfigurations = (
				96D7CD9F25064F0A0021EBD9 /* Debug */,
				96D7CDA025064F0A0021EBD9 /* Release */,
			);
			defaultConfigurationIsVisible = 0;
			defaultConfigurationName = Release;
		};
		96E355032020DDBD00668374 /* Build configuration list for PBXNativeTarget "Keyboard_macOS" */ = {
			isa = XCConfigurationList;
			buildConfigurations = (
				96E354FF2020DDBD00668374 /* Debug */,
				96E355002020DDBD00668374 /* Release */,
			);
			defaultConfigurationIsVisible = 0;
			defaultConfigurationName = Release;
		};
		96E355042020DDBD00668374 /* Build configuration list for PBXNativeTarget "Keyboard_macOSTests" */ = {
			isa = XCConfigurationList;
			buildConfigurations = (
				96E355012020DDBD00668374 /* Debug */,
				96E355022020DDBD00668374 /* Release */,
			);
			defaultConfigurationIsVisible = 0;
			defaultConfigurationName = Release;
		};
/* End XCConfigurationList section */

/* Begin XCRemoteSwiftPackageReference section */
		96E92B4522E029E40019EC2F /* XCRemoteSwiftPackageReference "Calculator" */ = {
			isa = XCRemoteSwiftPackageReference;
			repositoryURL = "https://github.com/Roman-Kerimov/Calculator.git";
			requirement = {
				branch = master;
				kind = branch;
			};
		};
		96E92B4822E02A0A0019EC2F /* XCRemoteSwiftPackageReference "LinguisticKit" */ = {
			isa = XCRemoteSwiftPackageReference;
			repositoryURL = "https://github.com/Roman-Kerimov/LinguisticKit.git";
			requirement = {
				branch = master;
				kind = branch;
			};
		};
/* End XCRemoteSwiftPackageReference section */

/* Begin XCSwiftPackageProductDependency section */
		960ECB5925044F1300787C22 /* LinguisticKit */ = {
			isa = XCSwiftPackageProductDependency;
			package = 96E92B4822E02A0A0019EC2F /* XCRemoteSwiftPackageReference "LinguisticKit" */;
			productName = LinguisticKit;
		};
		960ECB5D25044F1A00787C22 /* UnicodeData */ = {
			isa = XCSwiftPackageProductDependency;
			productName = UnicodeData;
		};
		9641FF552507057100600D5D /* KeyboardExtensionModule */ = {
			isa = XCSwiftPackageProductDependency;
			productName = KeyboardExtensionModule;
		};
		9641FF57250705B100600D5D /* KeyboardExtensionModule */ = {
			isa = XCSwiftPackageProductDependency;
			productName = KeyboardExtensionModule;
		};
		9672E28325043E94003D5886 /* UnicodeData */ = {
			isa = XCSwiftPackageProductDependency;
			productName = UnicodeData;
		};
		9672E28925043EAD003D5886 /* UnicodeData */ = {
			isa = XCSwiftPackageProductDependency;
			productName = UnicodeData;
		};
		9672E29025044221003D5886 /* UnicodeData */ = {
			isa = XCSwiftPackageProductDependency;
			productName = UnicodeData;
		};
		9672E29425044461003D5886 /* UnicodeData */ = {
			isa = XCSwiftPackageProductDependency;
			productName = UnicodeData;
		};
		968A721A2506F2BA0059014B /* KeyboardModule */ = {
			isa = XCSwiftPackageProductDependency;
			productName = KeyboardModule;
		};
		968A721E2506F2FC0059014B /* KeyboardModule */ = {
			isa = XCSwiftPackageProductDependency;
			productName = KeyboardModule;
		};
		96CAA7242508E7A300092FE2 /* KeyboardGuide */ = {
			isa = XCSwiftPackageProductDependency;
			productName = KeyboardGuide;
		};
		96E92B4622E029E40019EC2F /* Calculator */ = {
			isa = XCSwiftPackageProductDependency;
			package = 96E92B4522E029E40019EC2F /* XCRemoteSwiftPackageReference "Calculator" */;
			productName = Calculator;
		};
		96E92B4922E02A0A0019EC2F /* LinguisticKit */ = {
			isa = XCSwiftPackageProductDependency;
			package = 96E92B4822E02A0A0019EC2F /* XCRemoteSwiftPackageReference "LinguisticKit" */;
			productName = LinguisticKit;
		};
		96E92B4B22E02A190019EC2F /* Calculator */ = {
			isa = XCSwiftPackageProductDependency;
			package = 96E92B4522E029E40019EC2F /* XCRemoteSwiftPackageReference "Calculator" */;
			productName = Calculator;
		};
		96E92B4D22E02A1D0019EC2F /* LinguisticKit */ = {
			isa = XCSwiftPackageProductDependency;
			package = 96E92B4822E02A0A0019EC2F /* XCRemoteSwiftPackageReference "LinguisticKit" */;
			productName = LinguisticKit;
		};
/* End XCSwiftPackageProductDependency section */
	};
	rootObject = 964AB9271D1B63C0004C827C /* Project object */;
}
