{
  "object": {
    "pins": [
      {
        "package": "Calculator",
        "repositoryURL": "https://github.com/Roman-Kerimov/Calculator.git",
        "state": {
          "branch": "master",
          "revision": "1d60ca36e2e340a97b09f219b9f1e517278eb86b",
          "version": null
        }
      },
      {
        "package": "LinguisticKit",
        "repositoryURL": "https://github.com/Roman-Kerimov/LinguisticKit.git",
        "state": {
          "branch": "master",
          "revision": "0309e717fd2ae63b98d3b76fc18a579ee2e50000",
          "version": null
        }
      }
    ]
  },
  "version": 1
}
