{
  "object": {
    "pins": [
      {
        "package": "Calculator",
        "repositoryURL": "https://github.com/Roman-Kerimov/Calculator.git",
        "state": {
          "branch": "master",
          "revision": "53ce770ee31d008adcf87a13079070bce67c2709",
          "version": null
        }
      },
      {
        "package": "LinguisticKit",
        "repositoryURL": "https://github.com/Roman-Kerimov/LinguisticKit.git",
        "state": {
          "branch": "master",
          "revision": "e6c5bd56bd77333f1137b66a3fe561643168f36f",
          "version": null
        }
      }
    ]
  },
  "version": 1
}
