{
  "object": {
    "pins": [
      {
        "package": "Calculator",
        "repositoryURL": "https://github.com/Roman-Kerimov/Calculator.git",
        "state": {
          "branch": "master",
          "revision": "53ce770ee31d008adcf87a13079070bce67c2709",
          "version": null
        }
      },
      {
        "package": "LinguisticKit",
        "repositoryURL": "https://github.com/Roman-Kerimov/LinguisticKit.git",
        "state": {
          "branch": "master",
          "revision": "b5ca38033bb1a8d3bed7aa4ce7e4ee237741f720",
          "version": null
        }
      }
    ]
  },
  "version": 1
}
