{
  "object": {
    "pins": [
      {
        "package": "LinguisticKit",
        "repositoryURL": "https://github.com/Roman-Kerimov/LinguisticKit.git",
        "state": {
          "branch": "master",
          "revision": "e4d55789551706a88bdae99b793629a7228af50f",
          "version": null
        }
      }
    ]
  },
  "version": 1
}
