{
  "object": {
    "pins": [
      {
        "package": "LinguisticKit",
        "repositoryURL": "https://github.com/Roman-Kerimov/LinguisticKit.git",
        "state": {
          "branch": "master",
          "revision": "d49906725bdb2655c89473ce91bd0d76dd6e9aa7",
          "version": null
        }
      }
    ]
  },
  "version": 1
}
