{
  "object": {
    "pins": [
      {
        "package": "LinguisticKit",
        "repositoryURL": "https://github.com/Roman-Kerimov/LinguisticKit.git",
        "state": {
          "branch": "master",
          "revision": "a34c98058f8d05abe7d6b32e2582e24f327778c4",
          "version": null
        }
      }
    ]
  },
  "version": 1
}
